PODS:
  - APExtensions (7.0.1):
    - APExtensions/Abstractions (= 7.0.1)
    - APExtensions/Core (= 7.0.1)
    - APExtensions/Storyboard (= 7.0.1)
    - APExtensions/ViewConfiguration (= 7.0.1)
    - APExtensions/ViewState (= 7.0.1)
  - APExtensions/Abstractions (7.0.1)
  - APExtensions/Core (7.0.1)
  - APExtensions/Storyboard (7.0.1)
  - APExtensions/ViewConfiguration (7.0.1)
  - APExtensions/ViewState (7.0.1)
  - CocoaLumberjack/Core (3.6.0)
  - CocoaLumberjack/Swift (3.6.0):
    - CocoaLumberjack/Core
  - LogsManager (7.2.1):
    - CocoaLumberjack/Swift
  - Nimble (8.0.4)
  - Quick (2.2.0)

DEPENDENCIES:
  - APExtensions
  - LogsManager (from `../`)
  - Nimble
  - Quick

SPEC REPOS:
  trunk:
    - APExtensions
    - CocoaLumberjack
    - Nimble
    - Quick

EXTERNAL SOURCES:
  LogsManager:
    :path: "../"

SPEC CHECKSUMS:
  APExtensions: 9a7a7b6ff5b9785b245962de89fbbdaf4c10f10e
  CocoaLumberjack: 78b0c238666f4f58db069738ec176f4519557516
  LogsManager: bd3638b0a783e620ac0bc5e1b3007a3411f7ab49
  Nimble: 18d5360282923225d62b09d781f63abc1a0111fc
  Quick: 7fb19e13be07b5dfb3b90d4f9824c855a11af40e

PODFILE CHECKSUM: 4950237753b1ee8462be4382192c329c97a73f8a

COCOAPODS: 1.8.4
