PODS:
  - APExtensions (10.1.2):
    - APExtensions/Core (= 10.1.2)
    - APExtensions/Storyboard (= 10.1.2)
    - APExtensions/ViewConfiguration (= 10.1.2)
  - APExtensions/Core (10.1.2):
    - RoutableLogger
  - APExtensions/Occupiable (10.1.2)
  - APExtensions/Storyboard (10.1.2)
  - APExtensions/ViewConfiguration (10.1.2)
  - CocoaLumberjack/Core (3.7.2)
  - CocoaLumberjack/Swift (3.7.2):
    - CocoaLumberjack/Core
  - LogsManager (10.0.0):
    - APExtensions/Occupiable
    - LogsManager/ExtensionUnsafe (= 10.0.0)
  - LogsManager/ExtensionUnsafe (10.0.0):
    - APExtensions/Occupiable
    - CocoaLumberjack/Swift (>= 3.7.2)
  - Nimble (9.2.1)
  - Quick (4.0.0)
  - RoutableLogger (9.1.12)

DEPENDENCIES:
  - APExtensions (from `https://github.com/APUtils/APExtensions.git`)
  - LogsManager (from `../`)
  - Nimble
  - Quick
  - RoutableLogger (from `../`)

SPEC REPOS:
  trunk:
    - CocoaLumberjack
    - Nimble
    - Quick

EXTERNAL SOURCES:
  APExtensions:
    :git: https://github.com/APUtils/APExtensions.git
  LogsManager:
    :path: "../"
  RoutableLogger:
    :path: "../"

CHECKOUT OPTIONS:
  APExtensions:
    :commit: c120d3be9aa2844802b83861f7b103f7eb607b15
    :git: https://github.com/APUtils/APExtensions.git

SPEC CHECKSUMS:
  APExtensions: 96be5ac738ef26aa3fb8d9dca42742a81953042f
  CocoaLumberjack: b7e05132ff94f6ae4dfa9d5bce9141893a21d9da
  LogsManager: 6e4cfcfebecf95b346ed66570029b6766dd1dea1
  Nimble: e7e615c0335ee4bf5b0d786685451e62746117d5
  Quick: 6473349e43b9271a8d43839d9ba1c442ed1b7ac4
  RoutableLogger: 9ad367e9a79df59c3cf5a1707ba9598ffbae8784

PODFILE CHECKSUM: 66d2ac7c4fa9af940bc69f218aef67c571d56686

COCOAPODS: 1.11.2
