PODS:
  - APExtensions (10.0.0):
    - APExtensions/Core (= 10.0.0)
    - APExtensions/Storyboard (= 10.0.0)
    - APExtensions/ViewConfiguration (= 10.0.0)
  - APExtensions/Core (10.0.0):
    - LogsManager/RoutableLogger (>= 9.1.5)
  - APExtensions/Storyboard (10.0.0)
  - APExtensions/ViewConfiguration (10.0.0)
  - CocoaLumberjack/Core (3.7.2)
  - CocoaLumberjack/Swift (3.7.2):
    - CocoaLumberjack/Core
  - LogsManager (9.1.8):
    - LogsManager/ExtensionUnsafe (= 9.1.8)
  - LogsManager/Core (9.1.8):
    - CocoaLumberjack/Swift (>= 3.7.2)
  - LogsManager/ExtensionUnsafe (9.1.8):
    - LogsManager/Core
  - LogsManager/RoutableLogger (9.1.8)
  - Nimble (9.2.1)
  - Quick (4.0.0)
  - RoutableLogger (9.1.10)

DEPENDENCIES:
  - APExtensions (from `https://github.com/APUtils/APExtensions.git`)
  - LogsManager (from `../`)
  - Nimble
  - Quick
  - RoutableLogger (from `../`)

SPEC REPOS:
  trunk:
    - CocoaLumberjack
    - Nimble
    - Quick

EXTERNAL SOURCES:
  APExtensions:
    :git: https://github.com/APUtils/APExtensions.git
  LogsManager:
    :path: "../"
  RoutableLogger:
    :path: "../"

CHECKOUT OPTIONS:
  APExtensions:
    :commit: fa5cbedb82db880d4dbbc7991eeb661b1f59f40e
    :git: https://github.com/APUtils/APExtensions.git

SPEC CHECKSUMS:
  APExtensions: b46cab78fe5d291e1157838fd78962a886e627df
  CocoaLumberjack: b7e05132ff94f6ae4dfa9d5bce9141893a21d9da
  LogsManager: 1e9c2c224456ceae6f6b48f1a47c1bf0cc6c7a9d
  Nimble: e7e615c0335ee4bf5b0d786685451e62746117d5
  Quick: 6473349e43b9271a8d43839d9ba1c442ed1b7ac4
  RoutableLogger: 5bfbffe104a5b9edd805909212130029721ee8f8

PODFILE CHECKSUM: c97e8446b60e9adadaa19fe2ed0f84a0844c45af

COCOAPODS: 1.11.2
