{
  "originHash" : "25fa0f848e08627057b47387857a48bc5c753c574ae5f3a611d6169fc5dfaf71",
  "pins" : [
    {
      "identity" : "apextensions",
      "kind" : "remoteSourceControl",
      "location" : "https://github.com/APUtils/APExtensions.git",
      "state" : {
        "revision" : "5fae820be3bdf3975faca29200e430b3c18a825d",
        "version" : "15.0.1"
      }
    },
    {
      "identity" : "cocoalumberjack",
      "kind" : "remoteSourceControl",
      "location" : "https://github.com/CocoaLumberjack/CocoaLumberjack.git",
      "state" : {
        "revision" : "4b8714a7fb84d42393314ce897127b3939885ec3",
        "version" : "3.8.5"
      }
    },
    {
      "identity" : "routablelogger",
      "kind" : "remoteSourceControl",
      "location" : "https://github.com/anton-plebanovich/RoutableLogger",
      "state" : {
        "revision" : "e544488de124ab2a72a4e2490759ab6a8a084701",
        "version" : "2.0.0"
      }
    },
    {
      "identity" : "swift-log",
      "kind" : "remoteSourceControl",
      "location" : "https://github.com/apple/swift-log",
      "state" : {
        "revision" : "3d8596ed08bd13520157f0355e35caed215ffbfa",
        "version" : "1.6.3"
      }
    }
  ],
  "version" : 3
}
