// !$*UTF8*$!
{
	archiveVersion = 1;
	classes = {
	};
	objectVersion = 50;
	objects = {

/* Begin PBXBuildFile section */
		E202681822117D03004CC28A /* LogsManager.h in Headers */ = {isa = PBXBuildFile; fileRef = E202681622117D03004CC28A /* LogsManager.h */; settings = {ATTRIBUTES = (Public, ); }; };
		E29A7C0222133171002E9E66 /* StaticString+Utils.swift in Sources */ = {isa = PBXBuildFile; fileRef = E29A7BEA22133171002E9E66 /* StaticString+Utils.swift */; };
		E29A7C0322133171002E9E66 /* Data+Utils.swift in Sources */ = {isa = PBXBuildFile; fileRef = E29A7BEB22133171002E9E66 /* Data+Utils.swift */; };
		E29A7C0422133171002E9E66 /* Array+Utils.swift in Sources */ = {isa = PBXBuildFile; fileRef = E29A7BEC22133171002E9E66 /* Array+Utils.swift */; };
		E29A7C0522133171002E9E66 /* String+Utils.swift in Sources */ = {isa = PBXBuildFile; fileRef = E29A7BED22133171002E9E66 /* String+Utils.swift */; };
		E29A7C0622133171002E9E66 /* ErrorLogger.swift in Sources */ = {isa = PBXBuildFile; fileRef = E29A7BEF22133171002E9E66 /* ErrorLogger.swift */; };
		E29A7C0722133171002E9E66 /* CrashlyticsBaseErrorLogger.swift in Sources */ = {isa = PBXBuildFile; fileRef = E29A7BF022133171002E9E66 /* CrashlyticsBaseErrorLogger.swift */; };
		E29A7C0822133171002E9E66 /* AppearanceCaptureViewController.swift in Sources */ = {isa = PBXBuildFile; fileRef = E29A7BF322133171002E9E66 /* AppearanceCaptureViewController.swift */; };
		E29A7C0922133171002E9E66 /* AlertController.swift in Sources */ = {isa = PBXBuildFile; fileRef = E29A7BF422133171002E9E66 /* AlertController.swift */; };
		E29A7C0A22133171002E9E66 /* AlertLogger.swift in Sources */ = {isa = PBXBuildFile; fileRef = E29A7BF522133171002E9E66 /* AlertLogger.swift */; };
		E29A7C0B22133171002E9E66 /* NotificationLogger.swift in Sources */ = {isa = PBXBuildFile; fileRef = E29A7BF622133171002E9E66 /* NotificationLogger.swift */; };
		E29A7C0C22133171002E9E66 /* ConsoleLogger.swift in Sources */ = {isa = PBXBuildFile; fileRef = E29A7BF722133171002E9E66 /* ConsoleLogger.swift */; };
		E29A7C0D22133171002E9E66 /* BaseTextLogger.swift in Sources */ = {isa = PBXBuildFile; fileRef = E29A7BF922133171002E9E66 /* BaseTextLogger.swift */; };
		E29A7C0E22133171002E9E66 /* BaseLogFormatter.swift in Sources */ = {isa = PBXBuildFile; fileRef = E29A7BFA22133171002E9E66 /* BaseLogFormatter.swift */; };
		E29A7C0F22133171002E9E66 /* BaseAbstractLogger.swift in Sources */ = {isa = PBXBuildFile; fileRef = E29A7BFB22133171002E9E66 /* BaseAbstractLogger.swift */; };
		E29A7C1022133171002E9E66 /* DDLogFlag+Utils.swift in Sources */ = {isa = PBXBuildFile; fileRef = E29A7BFC22133171002E9E66 /* DDLogFlag+Utils.swift */; };
		E29A7C1122133171002E9E66 /* Log.swift in Sources */ = {isa = PBXBuildFile; fileRef = E29A7BFD22133171002E9E66 /* Log.swift */; };
		E29A7C1222133171002E9E66 /* DDLogMessage+Utils.swift in Sources */ = {isa = PBXBuildFile; fileRef = E29A7BFE22133171002E9E66 /* DDLogMessage+Utils.swift */; };
		E29A7C1322133171002E9E66 /* Utils.swift in Sources */ = {isa = PBXBuildFile; fileRef = E29A7BFF22133171002E9E66 /* Utils.swift */; };
		E29A7C1422133171002E9E66 /* LogComponent.swift in Sources */ = {isa = PBXBuildFile; fileRef = E29A7C0022133171002E9E66 /* LogComponent.swift */; };
		E29A7C1522133171002E9E66 /* LoggersManager.swift in Sources */ = {isa = PBXBuildFile; fileRef = E29A7C0122133171002E9E66 /* LoggersManager.swift */; };
		E29A7C1822133499002E9E66 /* CocoaLumberjackSwift.framework in Frameworks */ = {isa = PBXBuildFile; fileRef = E29A7C1622133499002E9E66 /* CocoaLumberjackSwift.framework */; };
		E29A7C1922133499002E9E66 /* CocoaLumberjack.framework in Frameworks */ = {isa = PBXBuildFile; fileRef = E29A7C1722133499002E9E66 /* CocoaLumberjack.framework */; };
/* End PBXBuildFile section */

/* Begin PBXFileReference section */
		27A65933230C2FF4F758F562 /* carthageUpdate.command */ = {isa = PBXFileReference; includeInIndex = 1; lastKnownFileType = text.script.sh; name = carthageUpdate.command; path = Scripts/Carthage/carthageUpdate.command; sourceTree = "<group>"; };
		722BFDE9DE58393B9D916719 /* carthageRemove.command */ = {isa = PBXFileReference; includeInIndex = 1; lastKnownFileType = text.script.sh; name = carthageRemove.command; path = Scripts/Carthage/carthageRemove.command; sourceTree = "<group>"; };
		75997ED1E9FAC56B9BEC3F0E /* carthageAdd.command */ = {isa = PBXFileReference; includeInIndex = 1; lastKnownFileType = text.script.sh; name = carthageAdd.command; path = Scripts/Carthage/carthageAdd.command; sourceTree = "<group>"; };
		E202681322117D03004CC28A /* LogsManager.framework */ = {isa = PBXFileReference; explicitFileType = wrapper.framework; includeInIndex = 0; path = LogsManager.framework; sourceTree = BUILT_PRODUCTS_DIR; };
		E202681622117D03004CC28A /* LogsManager.h */ = {isa = PBXFileReference; lastKnownFileType = sourcecode.c.h; path = LogsManager.h; sourceTree = "<group>"; };
		E202681722117D03004CC28A /* Info.plist */ = {isa = PBXFileReference; lastKnownFileType = text.plist.xml; path = Info.plist; sourceTree = "<group>"; };
		E29A7BEA22133171002E9E66 /* StaticString+Utils.swift */ = {isa = PBXFileReference; fileEncoding = 4; lastKnownFileType = sourcecode.swift; path = "StaticString+Utils.swift"; sourceTree = "<group>"; };
		E29A7BEB22133171002E9E66 /* Data+Utils.swift */ = {isa = PBXFileReference; fileEncoding = 4; lastKnownFileType = sourcecode.swift; path = "Data+Utils.swift"; sourceTree = "<group>"; };
		E29A7BEC22133171002E9E66 /* Array+Utils.swift */ = {isa = PBXFileReference; fileEncoding = 4; lastKnownFileType = sourcecode.swift; path = "Array+Utils.swift"; sourceTree = "<group>"; };
		E29A7BED22133171002E9E66 /* String+Utils.swift */ = {isa = PBXFileReference; fileEncoding = 4; lastKnownFileType = sourcecode.swift; path = "String+Utils.swift"; sourceTree = "<group>"; };
		E29A7BEF22133171002E9E66 /* ErrorLogger.swift */ = {isa = PBXFileReference; fileEncoding = 4; lastKnownFileType = sourcecode.swift; path = ErrorLogger.swift; sourceTree = "<group>"; };
		E29A7BF022133171002E9E66 /* CrashlyticsBaseErrorLogger.swift */ = {isa = PBXFileReference; fileEncoding = 4; lastKnownFileType = sourcecode.swift; path = CrashlyticsBaseErrorLogger.swift; sourceTree = "<group>"; };
		E29A7BF322133171002E9E66 /* AppearanceCaptureViewController.swift */ = {isa = PBXFileReference; fileEncoding = 4; lastKnownFileType = sourcecode.swift; path = AppearanceCaptureViewController.swift; sourceTree = "<group>"; };
		E29A7BF422133171002E9E66 /* AlertController.swift */ = {isa = PBXFileReference; fileEncoding = 4; lastKnownFileType = sourcecode.swift; path = AlertController.swift; sourceTree = "<group>"; };
		E29A7BF522133171002E9E66 /* AlertLogger.swift */ = {isa = PBXFileReference; fileEncoding = 4; lastKnownFileType = sourcecode.swift; path = AlertLogger.swift; sourceTree = "<group>"; };
		E29A7BF622133171002E9E66 /* NotificationLogger.swift */ = {isa = PBXFileReference; fileEncoding = 4; lastKnownFileType = sourcecode.swift; path = NotificationLogger.swift; sourceTree = "<group>"; };
		E29A7BF722133171002E9E66 /* ConsoleLogger.swift */ = {isa = PBXFileReference; fileEncoding = 4; lastKnownFileType = sourcecode.swift; path = ConsoleLogger.swift; sourceTree = "<group>"; };
		E29A7BF922133171002E9E66 /* BaseTextLogger.swift */ = {isa = PBXFileReference; fileEncoding = 4; lastKnownFileType = sourcecode.swift; path = BaseTextLogger.swift; sourceTree = "<group>"; };
		E29A7BFA22133171002E9E66 /* BaseLogFormatter.swift */ = {isa = PBXFileReference; fileEncoding = 4; lastKnownFileType = sourcecode.swift; path = BaseLogFormatter.swift; sourceTree = "<group>"; };
		E29A7BFB22133171002E9E66 /* BaseAbstractLogger.swift */ = {isa = PBXFileReference; fileEncoding = 4; lastKnownFileType = sourcecode.swift; path = BaseAbstractLogger.swift; sourceTree = "<group>"; };
		E29A7BFC22133171002E9E66 /* DDLogFlag+Utils.swift */ = {isa = PBXFileReference; fileEncoding = 4; lastKnownFileType = sourcecode.swift; name = "DDLogFlag+Utils.swift"; path = "../../../LogsManager/Classes/DDLogFlag+Utils.swift"; sourceTree = "<group>"; };
		E29A7BFD22133171002E9E66 /* Log.swift */ = {isa = PBXFileReference; fileEncoding = 4; lastKnownFileType = sourcecode.swift; name = Log.swift; path = ../../../LogsManager/Classes/Log.swift; sourceTree = "<group>"; };
		E29A7BFE22133171002E9E66 /* DDLogMessage+Utils.swift */ = {isa = PBXFileReference; fileEncoding = 4; lastKnownFileType = sourcecode.swift; name = "DDLogMessage+Utils.swift"; path = "../../../LogsManager/Classes/DDLogMessage+Utils.swift"; sourceTree = "<group>"; };
		E29A7BFF22133171002E9E66 /* Utils.swift */ = {isa = PBXFileReference; fileEncoding = 4; lastKnownFileType = sourcecode.swift; name = Utils.swift; path = ../../../LogsManager/Classes/Utils.swift; sourceTree = "<group>"; };
		E29A7C0022133171002E9E66 /* LogComponent.swift */ = {isa = PBXFileReference; fileEncoding = 4; lastKnownFileType = sourcecode.swift; name = LogComponent.swift; path = ../../../LogComponent.swift; sourceTree = "<group>"; };
		E29A7C0122133171002E9E66 /* LoggersManager.swift */ = {isa = PBXFileReference; fileEncoding = 4; lastKnownFileType = sourcecode.swift; name = LoggersManager.swift; path = ../../../LogsManager/Classes/LoggersManager.swift; sourceTree = "<group>"; };
		E29A7C1622133499002E9E66 /* CocoaLumberjackSwift.framework */ = {isa = PBXFileReference; lastKnownFileType = wrapper.framework; name = CocoaLumberjackSwift.framework; path = Carthage/Build/iOS/CocoaLumberjackSwift.framework; sourceTree = "<group>"; };
		E29A7C1722133499002E9E66 /* CocoaLumberjack.framework */ = {isa = PBXFileReference; lastKnownFileType = wrapper.framework; name = CocoaLumberjack.framework; path = Carthage/Build/iOS/CocoaLumberjack.framework; sourceTree = "<group>"; };
/* End PBXFileReference section */

/* Begin PBXFrameworksBuildPhase section */
		E202681022117D03004CC28A /* Frameworks */ = {
			isa = PBXFrameworksBuildPhase;
			buildActionMask = 2147483647;
			files = (
				E29A7C1822133499002E9E66 /* CocoaLumberjackSwift.framework in Frameworks */,
				E29A7C1922133499002E9E66 /* CocoaLumberjack.framework in Frameworks */,
			);
			runOnlyForDeploymentPostprocessing = 0;
		};
/* End PBXFrameworksBuildPhase section */

/* Begin PBXGroup section */
		1834AC72A69DC91E1F3B8EDA /* _Carthage */ = {
			isa = PBXGroup;
			children = (
				75997ED1E9FAC56B9BEC3F0E /* carthageAdd.command */,
				722BFDE9DE58393B9D916719 /* carthageRemove.command */,
				27A65933230C2FF4F758F562 /* carthageUpdate.command */,
			);
			name = _Carthage;
			sourceTree = "<group>";
		};
		E202680922117D03004CC28A = {
			isa = PBXGroup;
			children = (
				E202681522117D03004CC28A /* LogsManager */,
				E202681422117D03004CC28A /* Products */,
				F1BD9B4AF93178888C20C526 /* Frameworks */,
			);
			sourceTree = "<group>";
		};
		E202681422117D03004CC28A /* Products */ = {
			isa = PBXGroup;
			children = (
				E202681322117D03004CC28A /* LogsManager.framework */,
			);
			name = Products;
			sourceTree = "<group>";
		};
		E202681522117D03004CC28A /* LogsManager */ = {
			isa = PBXGroup;
			children = (
				E29A7BE82213315E002E9E66 /* Source */,
				E29A7BE522133136002E9E66 /* _ */,
			);
			path = LogsManager;
			sourceTree = "<group>";
		};
		E29A7BE522133136002E9E66 /* _ */ = {
			isa = PBXGroup;
			children = (
				E202681622117D03004CC28A /* LogsManager.h */,
				E202681722117D03004CC28A /* Info.plist */,
			);
			name = _;
			sourceTree = "<group>";
		};
		E29A7BE82213315E002E9E66 /* Source */ = {
			isa = PBXGroup;
			children = (
				E29A7BEE22133171002E9E66 /* _Error Loggers */,
				E29A7BE922133171002E9E66 /* _Extensions */,
				E29A7BF122133171002E9E66 /* _Message Loggers */,
				E29A7BFC22133171002E9E66 /* DDLogFlag+Utils.swift */,
				E29A7BFE22133171002E9E66 /* DDLogMessage+Utils.swift */,
				E29A7BFD22133171002E9E66 /* Log.swift */,
				E29A7C0022133171002E9E66 /* LogComponent.swift */,
				E29A7C0122133171002E9E66 /* LoggersManager.swift */,
				E29A7BFF22133171002E9E66 /* Utils.swift */,
			);
			path = Source;
			sourceTree = "<group>";
		};
		E29A7BE922133171002E9E66 /* _Extensions */ = {
			isa = PBXGroup;
			children = (
				E29A7BEA22133171002E9E66 /* StaticString+Utils.swift */,
				E29A7BEB22133171002E9E66 /* Data+Utils.swift */,
				E29A7BEC22133171002E9E66 /* Array+Utils.swift */,
				E29A7BED22133171002E9E66 /* String+Utils.swift */,
			);
			name = _Extensions;
			path = ../../../_Extensions;
			sourceTree = "<group>";
		};
		E29A7BEE22133171002E9E66 /* _Error Loggers */ = {
			isa = PBXGroup;
			children = (
				E29A7BEF22133171002E9E66 /* ErrorLogger.swift */,
				E29A7BF022133171002E9E66 /* CrashlyticsBaseErrorLogger.swift */,
			);
			name = "_Error Loggers";
			path = "../../../_Error Loggers";
			sourceTree = "<group>";
		};
		E29A7BF122133171002E9E66 /* _Message Loggers */ = {
			isa = PBXGroup;
			children = (
				E29A7BF222133171002E9E66 /* _Alert */,
				E29A7BF622133171002E9E66 /* NotificationLogger.swift */,
				E29A7BF722133171002E9E66 /* ConsoleLogger.swift */,
				E29A7BF822133171002E9E66 /* _Base */,
			);
			name = "_Message Loggers";
			path = "../../../LogsManager/Classes/_Message Loggers";
			sourceTree = "<group>";
		};
		E29A7BF222133171002E9E66 /* _Alert */ = {
			isa = PBXGroup;
			children = (
				E29A7BF322133171002E9E66 /* AppearanceCaptureViewController.swift */,
				E29A7BF422133171002E9E66 /* AlertController.swift */,
				E29A7BF522133171002E9E66 /* AlertLogger.swift */,
			);
			path = _Alert;
			sourceTree = "<group>";
		};
		E29A7BF822133171002E9E66 /* _Base */ = {
			isa = PBXGroup;
			children = (
				E29A7BF922133171002E9E66 /* BaseTextLogger.swift */,
				E29A7BFA22133171002E9E66 /* BaseLogFormatter.swift */,
				E29A7BFB22133171002E9E66 /* BaseAbstractLogger.swift */,
			);
			path = _Base;
			sourceTree = "<group>";
		};
		F1BD9B4AF93178888C20C526 /* Frameworks */ = {
			isa = PBXGroup;
			children = (
				1834AC72A69DC91E1F3B8EDA /* _Carthage */,
				E29A7C1722133499002E9E66 /* CocoaLumberjack.framework */,
				E29A7C1622133499002E9E66 /* CocoaLumberjackSwift.framework */,
			);
			name = Frameworks;
			sourceTree = "<group>";
		};
/* End PBXGroup section */

/* Begin PBXHeadersBuildPhase section */
		E202680E22117D03004CC28A /* Headers */ = {
			isa = PBXHeadersBuildPhase;
			buildActionMask = 2147483647;
			files = (
				E202681822117D03004CC28A /* LogsManager.h in Headers */,
			);
			runOnlyForDeploymentPostprocessing = 0;
		};
/* End PBXHeadersBuildPhase section */

/* Begin PBXNativeTarget section */
		E202681222117D03004CC28A /* LogsManager */ = {
			isa = PBXNativeTarget;
			buildConfigurationList = E202681B22117D03004CC28A /* Build configuration list for PBXNativeTarget "LogsManager" */;
			buildPhases = (
				E202680E22117D03004CC28A /* Headers */,
				E202680F22117D03004CC28A /* Sources */,
				E202681022117D03004CC28A /* Frameworks */,
				E202681122117D03004CC28A /* Resources */,
			);
			buildRules = (
			);
			dependencies = (
			);
			name = LogsManager;
			productName = LogsManager;
			productReference = E202681322117D03004CC28A /* LogsManager.framework */;
			productType = "com.apple.product-type.framework";
		};
/* End PBXNativeTarget section */

/* Begin PBXProject section */
		E202680A22117D03004CC28A /* Project object */ = {
			isa = PBXProject;
			attributes = {
				LastUpgradeCheck = 1010;
				ORGANIZATIONNAME = "Anton Plebanovich";
				TargetAttributes = {
					E202681222117D03004CC28A = {
						CreatedOnToolsVersion = 10.1;
						LastSwiftMigration = 1010;
					};
				};
			};
			buildConfigurationList = E202680D22117D03004CC28A /* Build configuration list for PBXProject "LogsManager" */;
			compatibilityVersion = "Xcode 9.3";
			developmentRegion = en;
			hasScannedForEncodings = 0;
			knownRegions = (
				en,
			);
			mainGroup = E202680922117D03004CC28A;
			productRefGroup = E202681422117D03004CC28A /* Products */;
			projectDirPath = "";
			projectRoot = "";
			targets = (
				E202681222117D03004CC28A /* LogsManager */,
			);
		};
/* End PBXProject section */

/* Begin PBXResourcesBuildPhase section */
		E202681122117D03004CC28A /* Resources */ = {
			isa = PBXResourcesBuildPhase;
			buildActionMask = 2147483647;
			files = (
			);
			runOnlyForDeploymentPostprocessing = 0;
		};
/* End PBXResourcesBuildPhase section */

/* Begin PBXSourcesBuildPhase section */
		E202680F22117D03004CC28A /* Sources */ = {
			isa = PBXSourcesBuildPhase;
			buildActionMask = 2147483647;
			files = (
				E29A7C1222133171002E9E66 /* DDLogMessage+Utils.swift in Sources */,
				E29A7C0622133171002E9E66 /* ErrorLogger.swift in Sources */,
				E29A7C0522133171002E9E66 /* String+Utils.swift in Sources */,
				E29A7C0822133171002E9E66 /* AppearanceCaptureViewController.swift in Sources */,
				E29A7C0222133171002E9E66 /* StaticString+Utils.swift in Sources */,
				E29A7C0922133171002E9E66 /* AlertController.swift in Sources */,
				E29A7C1422133171002E9E66 /* LogComponent.swift in Sources */,
				E29A7C0E22133171002E9E66 /* BaseLogFormatter.swift in Sources */,
				E29A7C1122133171002E9E66 /* Log.swift in Sources */,
				E29A7C1522133171002E9E66 /* LoggersManager.swift in Sources */,
				E29A7C0422133171002E9E66 /* Array+Utils.swift in Sources */,
				E29A7C0722133171002E9E66 /* CrashlyticsBaseErrorLogger.swift in Sources */,
				E29A7C0F22133171002E9E66 /* BaseAbstractLogger.swift in Sources */,
				E29A7C1322133171002E9E66 /* Utils.swift in Sources */,
				E29A7C0A22133171002E9E66 /* AlertLogger.swift in Sources */,
				E29A7C1022133171002E9E66 /* DDLogFlag+Utils.swift in Sources */,
				E29A7C0C22133171002E9E66 /* ConsoleLogger.swift in Sources */,
				E29A7C0B22133171002E9E66 /* NotificationLogger.swift in Sources */,
				E29A7C0322133171002E9E66 /* Data+Utils.swift in Sources */,
				E29A7C0D22133171002E9E66 /* BaseTextLogger.swift in Sources */,
			);
			runOnlyForDeploymentPostprocessing = 0;
		};
/* End PBXSourcesBuildPhase section */

/* Begin XCBuildConfiguration section */
		E202681922117D03004CC28A /* Debug */ = {
			isa = XCBuildConfiguration;
			buildSettings = {
				ALWAYS_SEARCH_USER_PATHS = NO;
				CLANG_ANALYZER_NONNULL = YES;
				CLANG_ANALYZER_NUMBER_OBJECT_CONVERSION = YES_AGGRESSIVE;
				CLANG_CXX_LANGUAGE_STANDARD = "gnu++14";
				CLANG_CXX_LIBRARY = "libc++";
				CLANG_ENABLE_MODULES = YES;
				CLANG_ENABLE_OBJC_ARC = YES;
				CLANG_ENABLE_OBJC_WEAK = YES;
				CLANG_WARN_BLOCK_CAPTURE_AUTORELEASING = YES;
				CLANG_WARN_BOOL_CONVERSION = YES;
				CLANG_WARN_COMMA = YES;
				CLANG_WARN_CONSTANT_CONVERSION = YES;
				CLANG_WARN_DEPRECATED_OBJC_IMPLEMENTATIONS = YES;
				CLANG_WARN_DIRECT_OBJC_ISA_USAGE = YES_ERROR;
				CLANG_WARN_DOCUMENTATION_COMMENTS = YES;
				CLANG_WARN_EMPTY_BODY = YES;
				CLANG_WARN_ENUM_CONVERSION = YES;
				CLANG_WARN_INFINITE_RECURSION = YES;
				CLANG_WARN_INT_CONVERSION = YES;
				CLANG_WARN_NON_LITERAL_NULL_CONVERSION = YES;
				CLANG_WARN_OBJC_IMPLICIT_RETAIN_SELF = YES;
				CLANG_WARN_OBJC_LITERAL_CONVERSION = YES;
				CLANG_WARN_OBJC_ROOT_CLASS = YES_ERROR;
				CLANG_WARN_RANGE_LOOP_ANALYSIS = YES;
				CLANG_WARN_STRICT_PROTOTYPES = YES;
				CLANG_WARN_SUSPICIOUS_MOVE = YES;
				CLANG_WARN_UNGUARDED_AVAILABILITY = YES_AGGRESSIVE;
				CLANG_WARN_UNREACHABLE_CODE = YES;
				CLANG_WARN__DUPLICATE_METHOD_MATCH = YES;
				CODE_SIGN_IDENTITY = "iPhone Developer";
				COPY_PHASE_STRIP = NO;
				CURRENT_PROJECT_VERSION = 1;
				DEBUG_INFORMATION_FORMAT = dwarf;
				ENABLE_STRICT_OBJC_MSGSEND = YES;
				ENABLE_TESTABILITY = YES;
				GCC_C_LANGUAGE_STANDARD = gnu11;
				GCC_DYNAMIC_NO_PIC = NO;
				GCC_NO_COMMON_BLOCKS = YES;
				GCC_OPTIMIZATION_LEVEL = 0;
				GCC_PREPROCESSOR_DEFINITIONS = (
					"DEBUG=1",
					"$(inherited)",
				);
				GCC_WARN_64_TO_32_BIT_CONVERSION = YES;
				GCC_WARN_ABOUT_RETURN_TYPE = YES_ERROR;
				GCC_WARN_UNDECLARED_SELECTOR = YES;
				GCC_WARN_UNINITIALIZED_AUTOS = YES_AGGRESSIVE;
				GCC_WARN_UNUSED_FUNCTION = YES;
				GCC_WARN_UNUSED_VARIABLE = YES;
				IPHONEOS_DEPLOYMENT_TARGET = 12.1;
				MTL_ENABLE_DEBUG_INFO = INCLUDE_SOURCE;
				MTL_FAST_MATH = YES;
				ONLY_ACTIVE_ARCH = YES;
				SDKROOT = iphoneos;
				SWIFT_ACTIVE_COMPILATION_CONDITIONS = DEBUG;
				SWIFT_OPTIMIZATION_LEVEL = "-Onone";
				VERSIONING_SYSTEM = "apple-generic";
				VERSION_INFO_PREFIX = "";
			};
			name = Debug;
		};
		E202681A22117D03004CC28A /* Release */ = {
			isa = XCBuildConfiguration;
			buildSettings = {
				ALWAYS_SEARCH_USER_PATHS = NO;
				CLANG_ANALYZER_NONNULL = YES;
				CLANG_ANALYZER_NUMBER_OBJECT_CONVERSION = YES_AGGRESSIVE;
				CLANG_CXX_LANGUAGE_STANDARD = "gnu++14";
				CLANG_CXX_LIBRARY = "libc++";
				CLANG_ENABLE_MODULES = YES;
				CLANG_ENABLE_OBJC_ARC = YES;
				CLANG_ENABLE_OBJC_WEAK = YES;
				CLANG_WARN_BLOCK_CAPTURE_AUTORELEASING = YES;
				CLANG_WARN_BOOL_CONVERSION = YES;
				CLANG_WARN_COMMA = YES;
				CLANG_WARN_CONSTANT_CONVERSION = YES;
				CLANG_WARN_DEPRECATED_OBJC_IMPLEMENTATIONS = YES;
				CLANG_WARN_DIRECT_OBJC_ISA_USAGE = YES_ERROR;
				CLANG_WARN_DOCUMENTATION_COMMENTS = YES;
				CLANG_WARN_EMPTY_BODY = YES;
				CLANG_WARN_ENUM_CONVERSION = YES;
				CLANG_WARN_INFINITE_RECURSION = YES;
				CLANG_WARN_INT_CONVERSION = YES;
				CLANG_WARN_NON_LITERAL_NULL_CONVERSION = YES;
				CLANG_WARN_OBJC_IMPLICIT_RETAIN_SELF = YES;
				CLANG_WARN_OBJC_LITERAL_CONVERSION = YES;
				CLANG_WARN_OBJC_ROOT_CLASS = YES_ERROR;
				CLANG_WARN_RANGE_LOOP_ANALYSIS = YES;
				CLANG_WARN_STRICT_PROTOTYPES = YES;
				CLANG_WARN_SUSPICIOUS_MOVE = YES;
				CLANG_WARN_UNGUARDED_AVAILABILITY = YES_AGGRESSIVE;
				CLANG_WARN_UNREACHABLE_CODE = YES;
				CLANG_WARN__DUPLICATE_METHOD_MATCH = YES;
				CODE_SIGN_IDENTITY = "iPhone Developer";
				COPY_PHASE_STRIP = NO;
				CURRENT_PROJECT_VERSION = 1;
				DEBUG_INFORMATION_FORMAT = "dwarf-with-dsym";
				ENABLE_NS_ASSERTIONS = NO;
				ENABLE_STRICT_OBJC_MSGSEND = YES;
				GCC_C_LANGUAGE_STANDARD = gnu11;
				GCC_NO_COMMON_BLOCKS = YES;
				GCC_WARN_64_TO_32_BIT_CONVERSION = YES;
				GCC_WARN_ABOUT_RETURN_TYPE = YES_ERROR;
				GCC_WARN_UNDECLARED_SELECTOR = YES;
				GCC_WARN_UNINITIALIZED_AUTOS = YES_AGGRESSIVE;
				GCC_WARN_UNUSED_FUNCTION = YES;
				GCC_WARN_UNUSED_VARIABLE = YES;
				IPHONEOS_DEPLOYMENT_TARGET = 12.1;
				MTL_ENABLE_DEBUG_INFO = NO;
				MTL_FAST_MATH = YES;
				SDKROOT = iphoneos;
				SWIFT_COMPILATION_MODE = wholemodule;
				SWIFT_OPTIMIZATION_LEVEL = "-O";
				VALIDATE_PRODUCT = YES;
				VERSIONING_SYSTEM = "apple-generic";
				VERSION_INFO_PREFIX = "";
			};
			name = Release;
		};
		E202681C22117D03004CC28A /* Debug */ = {
			isa = XCBuildConfiguration;
			buildSettings = {
				CLANG_ENABLE_MODULES = YES;
				CODE_SIGN_IDENTITY = "";
				CODE_SIGN_STYLE = Automatic;
				DEFINES_MODULE = YES;
				DYLIB_COMPATIBILITY_VERSION = 1;
				DYLIB_CURRENT_VERSION = 1;
				DYLIB_INSTALL_NAME_BASE = "@rpath";
				FRAMEWORK_SEARCH_PATHS = (
					"$(inherited)",
					"$(PROJECT_DIR)/Carthage/Build/iOS",
				);
				INFOPLIST_FILE = LogsManager/Info.plist;
				INSTALL_PATH = "$(LOCAL_LIBRARY_DIR)/Frameworks";
				LD_RUNPATH_SEARCH_PATHS = (
					"$(inherited)",
					"@executable_path/Frameworks",
					"@loader_path/Frameworks",
				);
				PRODUCT_BUNDLE_IDENTIFIER = com.convene.Elevate.LogsManager;
				PRODUCT_NAME = "$(TARGET_NAME:c99extidentifier)";
				SKIP_INSTALL = YES;
				SWIFT_OPTIMIZATION_LEVEL = "-Onone";
				SWIFT_VERSION = 4.2;
				TARGETED_DEVICE_FAMILY = "1,2";
			};
			name = Debug;
		};
		E202681D22117D03004CC28A /* Release */ = {
			isa = XCBuildConfiguration;
			buildSettings = {
				CLANG_ENABLE_MODULES = YES;
				CODE_SIGN_IDENTITY = "";
				CODE_SIGN_STYLE = Automatic;
				DEFINES_MODULE = YES;
				DYLIB_COMPATIBILITY_VERSION = 1;
				DYLIB_CURRENT_VERSION = 1;
				DYLIB_INSTALL_NAME_BASE = "@rpath";
				FRAMEWORK_SEARCH_PATHS = (
					"$(inherited)",
					"$(PROJECT_DIR)/Carthage/Build/iOS",
				);
				INFOPLIST_FILE = LogsManager/Info.plist;
				INSTALL_PATH = "$(LOCAL_LIBRARY_DIR)/Frameworks";
				LD_RUNPATH_SEARCH_PATHS = (
					"$(inherited)",
					"@executable_path/Frameworks",
					"@loader_path/Frameworks",
				);
				PRODUCT_BUNDLE_IDENTIFIER = com.convene.Elevate.LogsManager;
				PRODUCT_NAME = "$(TARGET_NAME:c99extidentifier)";
				SKIP_INSTALL = YES;
				SWIFT_VERSION = 4.2;
				TARGETED_DEVICE_FAMILY = "1,2";
			};
			name = Release;
		};
/* End XCBuildConfiguration section */

/* Begin XCConfigurationList section */
		E202680D22117D03004CC28A /* Build configuration list for PBXProject "LogsManager" */ = {
			isa = XCConfigurationList;
			buildConfigurations = (
				E202681922117D03004CC28A /* Debug */,
				E202681A22117D03004CC28A /* Release */,
			);
			defaultConfigurationIsVisible = 0;
			defaultConfigurationName = Release;
		};
		E202681B22117D03004CC28A /* Build configuration list for PBXNativeTarget "LogsManager" */ = {
			isa = XCConfigurationList;
			buildConfigurations = (
				E202681C22117D03004CC28A /* Debug */,
				E202681D22117D03004CC28A /* Release */,
			);
			defaultConfigurationIsVisible = 0;
			defaultConfigurationName = Release;
		};
/* End XCConfigurationList section */
	};
	rootObject = E202680A22117D03004CC28A /* Project object */;
}
