// !$*UTF8*$!
{
	archiveVersion = 1;
	classes = {
	};
	objectVersion = 50;
	objects = {

/* Begin PBXBuildFile section */
		0D54D90B261C903C00F6814C /* _DDTTYLogger.h in Headers */ = {isa = PBXBuildFile; fileRef = 0D54D909261C903C00F6814C /* _DDTTYLogger.h */; settings = {ATTRIBUTES = (Public, ); }; };
		0D54D90C261C903C00F6814C /* _DDTTYLogger.m in Sources */ = {isa = PBXBuildFile; fileRef = 0D54D90A261C903C00F6814C /* _DDTTYLogger.m */; };
		0D93892D27445E8800529662 /* NotificationLogger.swift in Sources */ = {isa = PBXBuildFile; fileRef = 0D93892B27445E8800529662 /* NotificationLogger.swift */; };
		0D93892E27445E8800529662 /* AlertLogger.swift in Sources */ = {isa = PBXBuildFile; fileRef = 0D93892C27445E8800529662 /* AlertLogger.swift */; };
		0D93895127446D5900529662 /* CocoaLumberjackSwift.framework in Frameworks */ = {isa = PBXBuildFile; fileRef = E29A7C1622133499002E9E66 /* CocoaLumberjackSwift.framework */; };
		0D93895227446D5900529662 /* CocoaLumberjack.framework in Frameworks */ = {isa = PBXBuildFile; fileRef = E29A7C1722133499002E9E66 /* CocoaLumberjack.framework */; };
		0D93895327446D5900529662 /* CocoaLumberjackSwift.framework in Frameworks */ = {isa = PBXBuildFile; fileRef = E29A7C1622133499002E9E66 /* CocoaLumberjackSwift.framework */; };
		0D93895427446D5900529662 /* CocoaLumberjack.framework in Frameworks */ = {isa = PBXBuildFile; fileRef = E29A7C1722133499002E9E66 /* CocoaLumberjack.framework */; };
		0D93895D27446EE200529662 /* RoutableLogger_macOS.h in Headers */ = {isa = PBXBuildFile; fileRef = 0D93895C27446EE200529662 /* RoutableLogger_macOS.h */; settings = {ATTRIBUTES = (Public, ); }; };
		0D93896927446F6100529662 /* RoutableLogger_watchOS.h in Headers */ = {isa = PBXBuildFile; fileRef = 0D93896827446F6100529662 /* RoutableLogger_watchOS.h */; settings = {ATTRIBUTES = (Public, ); }; };
		0D93897527446F7300529662 /* RoutableLogger_tvOS.h in Headers */ = {isa = PBXBuildFile; fileRef = 0D93897427446F7300529662 /* RoutableLogger_tvOS.h */; settings = {ATTRIBUTES = (Public, ); }; };
		0D93897927446F9000529662 /* RoutableLogger.swift in Sources */ = {isa = PBXBuildFile; fileRef = 0DE150DF260640E40067545C /* RoutableLogger.swift */; };
		0D93897A27446F9000529662 /* RoutableLogger.swift in Sources */ = {isa = PBXBuildFile; fileRef = 0DE150DF260640E40067545C /* RoutableLogger.swift */; };
		0D93897B27446F9100529662 /* RoutableLogger.swift in Sources */ = {isa = PBXBuildFile; fileRef = 0DE150DF260640E40067545C /* RoutableLogger.swift */; };
		0D93897C27446FA200529662 /* Data+Utils.swift in Sources */ = {isa = PBXBuildFile; fileRef = 0DE150E2260640E40067545C /* Data+Utils.swift */; };
		0D93897D27446FA200529662 /* DateFormatter+Utils.swift in Sources */ = {isa = PBXBuildFile; fileRef = 0DE150F22606417C0067545C /* DateFormatter+Utils.swift */; };
		0D93897E27446FA200529662 /* Utils.swift in Sources */ = {isa = PBXBuildFile; fileRef = 0DE150EB260641410067545C /* Utils.swift */; };
		0D93897F27446FA300529662 /* Data+Utils.swift in Sources */ = {isa = PBXBuildFile; fileRef = 0DE150E2260640E40067545C /* Data+Utils.swift */; };
		0D93898027446FA300529662 /* DateFormatter+Utils.swift in Sources */ = {isa = PBXBuildFile; fileRef = 0DE150F22606417C0067545C /* DateFormatter+Utils.swift */; };
		0D93898127446FA300529662 /* Utils.swift in Sources */ = {isa = PBXBuildFile; fileRef = 0DE150EB260641410067545C /* Utils.swift */; };
		0D93898227446FA300529662 /* Data+Utils.swift in Sources */ = {isa = PBXBuildFile; fileRef = 0DE150E2260640E40067545C /* Data+Utils.swift */; };
		0D93898327446FA300529662 /* DateFormatter+Utils.swift in Sources */ = {isa = PBXBuildFile; fileRef = 0DE150F22606417C0067545C /* DateFormatter+Utils.swift */; };
		0D93898427446FA300529662 /* Utils.swift in Sources */ = {isa = PBXBuildFile; fileRef = 0DE150EB260641410067545C /* Utils.swift */; };
		0DD92F5A23C07F9C009F9A19 /* CrashLogger.swift in Sources */ = {isa = PBXBuildFile; fileRef = 0DD92F5923C07F9C009F9A19 /* CrashLogger.swift */; };
		0DE150E5260640E40067545C /* Data+Utils.swift in Sources */ = {isa = PBXBuildFile; fileRef = 0DE150E2260640E40067545C /* Data+Utils.swift */; };
		0DE150EC260641410067545C /* Utils.swift in Sources */ = {isa = PBXBuildFile; fileRef = 0DE150EB260641410067545C /* Utils.swift */; };
		0DE150F32606417C0067545C /* DateFormatter+Utils.swift in Sources */ = {isa = PBXBuildFile; fileRef = 0DE150F22606417C0067545C /* DateFormatter+Utils.swift */; };
		0DE1511E26064AEB0067545C /* RoutableLogger.h in Headers */ = {isa = PBXBuildFile; fileRef = 0DE1511C26064AEB0067545C /* RoutableLogger.h */; settings = {ATTRIBUTES = (Public, ); }; };
		0DE1512826064AF00067545C /* RoutableLogger.swift in Sources */ = {isa = PBXBuildFile; fileRef = 0DE150DF260640E40067545C /* RoutableLogger.swift */; };
		0DE1512C26064AF50067545C /* Data+Utils.swift in Sources */ = {isa = PBXBuildFile; fileRef = 0DE150E2260640E40067545C /* Data+Utils.swift */; };
		0DE1512D26064AF50067545C /* DateFormatter+Utils.swift in Sources */ = {isa = PBXBuildFile; fileRef = 0DE150F22606417C0067545C /* DateFormatter+Utils.swift */; };
		0DE1513126064AF80067545C /* Utils.swift in Sources */ = {isa = PBXBuildFile; fileRef = 0DE150EB260641410067545C /* Utils.swift */; };
		E201A85C2214200500258902 /* Array+Utils.swift in Sources */ = {isa = PBXBuildFile; fileRef = E201A8442214200500258902 /* Array+Utils.swift */; };
		E201A85D2214200500258902 /* String+Utils.swift in Sources */ = {isa = PBXBuildFile; fileRef = E201A8452214200500258902 /* String+Utils.swift */; };
		E201A85F2214200500258902 /* Log.swift in Sources */ = {isa = PBXBuildFile; fileRef = E201A8472214200500258902 /* Log.swift */; };
		E201A8642214200500258902 /* ConsoleLogger.swift in Sources */ = {isa = PBXBuildFile; fileRef = E201A84E2214200500258902 /* ConsoleLogger.swift */; };
		E201A8652214200500258902 /* BaseLogger.swift in Sources */ = {isa = PBXBuildFile; fileRef = E201A8502214200500258902 /* BaseLogger.swift */; };
		E201A8662214200500258902 /* BaseLogFormatter.swift in Sources */ = {isa = PBXBuildFile; fileRef = E201A8512214200500258902 /* BaseLogFormatter.swift */; };
		E201A8672214200500258902 /* BaseAbstractTextLogger.swift in Sources */ = {isa = PBXBuildFile; fileRef = E201A8522214200500258902 /* BaseAbstractTextLogger.swift */; };
		E201A8682214200500258902 /* DDLogFlag+Utils.swift in Sources */ = {isa = PBXBuildFile; fileRef = E201A8532214200500258902 /* DDLogFlag+Utils.swift */; };
		E201A86A2214200500258902 /* LoggersManager.swift in Sources */ = {isa = PBXBuildFile; fileRef = E201A8562214200500258902 /* LoggersManager.swift */; };
		E201A86C2214200500258902 /* DDLogMessage+Utils.swift in Sources */ = {isa = PBXBuildFile; fileRef = E201A8592214200500258902 /* DDLogMessage+Utils.swift */; };
		E201A86E2214203C00258902 /* LogComponent.swift in Sources */ = {isa = PBXBuildFile; fileRef = E201A86D2214203C00258902 /* LogComponent.swift */; };
		E202681822117D03004CC28A /* LogsManager.h in Headers */ = {isa = PBXBuildFile; fileRef = E202681622117D03004CC28A /* LogsManager.h */; settings = {ATTRIBUTES = (Public, ); }; };
		E28100BA2315753B00F4A24A /* DDLogLevel+Utils.swift in Sources */ = {isa = PBXBuildFile; fileRef = E28100B92315753B00F4A24A /* DDLogLevel+Utils.swift */; };
		E2E0791122A8069800DECBD8 /* Collection+Utils.swift in Sources */ = {isa = PBXBuildFile; fileRef = E2E0791022A8069800DECBD8 /* Collection+Utils.swift */; };
		E2E0791322A812B500DECBD8 /* FileLogger.swift in Sources */ = {isa = PBXBuildFile; fileRef = E2E0791222A812B500DECBD8 /* FileLogger.swift */; };
		E2E0791B22A825E000DECBD8 /* BaseFileLogFormatter.swift in Sources */ = {isa = PBXBuildFile; fileRef = E2E0791A22A825E000DECBD8 /* BaseFileLogFormatter.swift */; };
		E2F9F8E523E03F88009E328F /* LogsManagerExtensionUnsafe.h in Headers */ = {isa = PBXBuildFile; fileRef = E2F9F8E323E03F88009E328F /* LogsManagerExtensionUnsafe.h */; settings = {ATTRIBUTES = (Public, ); }; };
		E2F9F8EC23E0408F009E328F /* LogsManager.framework in Frameworks */ = {isa = PBXBuildFile; fileRef = E202681322117D03004CC28A /* LogsManager.framework */; };
/* End PBXBuildFile section */

/* Begin PBXContainerItemProxy section */
		E2F9F8EE23E0408F009E328F /* PBXContainerItemProxy */ = {
			isa = PBXContainerItemProxy;
			containerPortal = E202680A22117D03004CC28A /* Project object */;
			proxyType = 1;
			remoteGlobalIDString = E202681222117D03004CC28A;
			remoteInfo = LogsManager;
		};
/* End PBXContainerItemProxy section */

/* Begin PBXFileReference section */
		0D54D909261C903C00F6814C /* _DDTTYLogger.h */ = {isa = PBXFileReference; fileEncoding = 4; lastKnownFileType = sourcecode.c.h; path = _DDTTYLogger.h; sourceTree = "<group>"; };
		0D54D90A261C903C00F6814C /* _DDTTYLogger.m */ = {isa = PBXFileReference; fileEncoding = 4; lastKnownFileType = sourcecode.c.objc; path = _DDTTYLogger.m; sourceTree = "<group>"; };
		0D93892B27445E8800529662 /* NotificationLogger.swift */ = {isa = PBXFileReference; fileEncoding = 4; lastKnownFileType = sourcecode.swift; name = NotificationLogger.swift; path = ../../LogsManager/ExtensionUnsafeClasses/NotificationLogger.swift; sourceTree = "<group>"; };
		0D93892C27445E8800529662 /* AlertLogger.swift */ = {isa = PBXFileReference; fileEncoding = 4; lastKnownFileType = sourcecode.swift; name = AlertLogger.swift; path = ../../LogsManager/ExtensionUnsafeClasses/AlertLogger.swift; sourceTree = "<group>"; };
		0D93893D27446C8300529662 /* CocoaLumberjackSwift.framework */ = {isa = PBXFileReference; lastKnownFileType = wrapper.framework; name = CocoaLumberjackSwift.framework; path = ../Carthage/Build/watchOS/CocoaLumberjackSwift.framework; sourceTree = "<group>"; };
		0D93893E27446C8300529662 /* CocoaLumberjack.framework */ = {isa = PBXFileReference; lastKnownFileType = wrapper.framework; name = CocoaLumberjack.framework; path = ../Carthage/Build/watchOS/CocoaLumberjack.framework; sourceTree = "<group>"; };
		0D93894427446CBE00529662 /* CocoaLumberjack.framework */ = {isa = PBXFileReference; lastKnownFileType = wrapper.framework; name = CocoaLumberjack.framework; path = ../Carthage/Build/Mac/CocoaLumberjack.framework; sourceTree = "<group>"; };
		0D93894527446CBE00529662 /* CocoaLumberjackSwift.framework */ = {isa = PBXFileReference; lastKnownFileType = wrapper.framework; name = CocoaLumberjackSwift.framework; path = ../Carthage/Build/Mac/CocoaLumberjackSwift.framework; sourceTree = "<group>"; };
		0D93894B27446CCE00529662 /* CocoaLumberjack.framework */ = {isa = PBXFileReference; lastKnownFileType = wrapper.framework; name = CocoaLumberjack.framework; path = ../Carthage/Build/tvOS/CocoaLumberjack.framework; sourceTree = "<group>"; };
		0D93894C27446CCF00529662 /* CocoaLumberjackSwift.framework */ = {isa = PBXFileReference; lastKnownFileType = wrapper.framework; name = CocoaLumberjackSwift.framework; path = ../Carthage/Build/tvOS/CocoaLumberjackSwift.framework; sourceTree = "<group>"; };
		0D93895A27446EE200529662 /* RoutableLogger.framework */ = {isa = PBXFileReference; explicitFileType = wrapper.framework; includeInIndex = 0; path = RoutableLogger.framework; sourceTree = BUILT_PRODUCTS_DIR; };
		0D93895C27446EE200529662 /* RoutableLogger_macOS.h */ = {isa = PBXFileReference; lastKnownFileType = sourcecode.c.h; path = RoutableLogger_macOS.h; sourceTree = "<group>"; };
		0D93896627446F6100529662 /* RoutableLogger.framework */ = {isa = PBXFileReference; explicitFileType = wrapper.framework; includeInIndex = 0; path = RoutableLogger.framework; sourceTree = BUILT_PRODUCTS_DIR; };
		0D93896827446F6100529662 /* RoutableLogger_watchOS.h */ = {isa = PBXFileReference; lastKnownFileType = sourcecode.c.h; path = RoutableLogger_watchOS.h; sourceTree = "<group>"; };
		0D93897227446F7300529662 /* RoutableLogger.framework */ = {isa = PBXFileReference; explicitFileType = wrapper.framework; includeInIndex = 0; path = RoutableLogger.framework; sourceTree = BUILT_PRODUCTS_DIR; };
		0D93897427446F7300529662 /* RoutableLogger_tvOS.h */ = {isa = PBXFileReference; lastKnownFileType = sourcecode.c.h; path = RoutableLogger_tvOS.h; sourceTree = "<group>"; };
		0DD92F5923C07F9C009F9A19 /* CrashLogger.swift */ = {isa = PBXFileReference; fileEncoding = 4; lastKnownFileType = sourcecode.swift; path = CrashLogger.swift; sourceTree = "<group>"; };
		0DE150DF260640E40067545C /* RoutableLogger.swift */ = {isa = PBXFileReference; fileEncoding = 4; lastKnownFileType = sourcecode.swift; path = RoutableLogger.swift; sourceTree = "<group>"; };
		0DE150E2260640E40067545C /* Data+Utils.swift */ = {isa = PBXFileReference; fileEncoding = 4; lastKnownFileType = sourcecode.swift; path = "Data+Utils.swift"; sourceTree = "<group>"; };
		0DE150EB260641410067545C /* Utils.swift */ = {isa = PBXFileReference; lastKnownFileType = sourcecode.swift; path = Utils.swift; sourceTree = "<group>"; };
		0DE150F22606417C0067545C /* DateFormatter+Utils.swift */ = {isa = PBXFileReference; lastKnownFileType = sourcecode.swift; path = "DateFormatter+Utils.swift"; sourceTree = "<group>"; };
		0DE1511A26064AEB0067545C /* RoutableLogger.framework */ = {isa = PBXFileReference; explicitFileType = wrapper.framework; includeInIndex = 0; path = RoutableLogger.framework; sourceTree = BUILT_PRODUCTS_DIR; };
		0DE1511C26064AEB0067545C /* RoutableLogger.h */ = {isa = PBXFileReference; lastKnownFileType = sourcecode.c.h; path = RoutableLogger.h; sourceTree = "<group>"; };
		0DE1511D26064AEB0067545C /* Info.plist */ = {isa = PBXFileReference; lastKnownFileType = text.plist.xml; path = Info.plist; sourceTree = "<group>"; };
		27A65933230C2FF4F758F562 /* carthageUpdate.command */ = {isa = PBXFileReference; includeInIndex = 1; lastKnownFileType = text.script.sh; name = carthageUpdate.command; path = Scripts/Carthage/carthageUpdate.command; sourceTree = "<group>"; };
		722BFDE9DE58393B9D916719 /* carthageRemove.command */ = {isa = PBXFileReference; includeInIndex = 1; lastKnownFileType = text.script.sh; name = carthageRemove.command; path = Scripts/Carthage/carthageRemove.command; sourceTree = "<group>"; };
		75997ED1E9FAC56B9BEC3F0E /* carthageAdd.command */ = {isa = PBXFileReference; includeInIndex = 1; lastKnownFileType = text.script.sh; name = carthageAdd.command; path = Scripts/Carthage/carthageAdd.command; sourceTree = "<group>"; };
		E201A8442214200500258902 /* Array+Utils.swift */ = {isa = PBXFileReference; fileEncoding = 4; lastKnownFileType = sourcecode.swift; path = "Array+Utils.swift"; sourceTree = "<group>"; };
		E201A8452214200500258902 /* String+Utils.swift */ = {isa = PBXFileReference; fileEncoding = 4; lastKnownFileType = sourcecode.swift; path = "String+Utils.swift"; sourceTree = "<group>"; };
		E201A8472214200500258902 /* Log.swift */ = {isa = PBXFileReference; fileEncoding = 4; lastKnownFileType = sourcecode.swift; name = Log.swift; path = ../../LogsManager/Classes/Log.swift; sourceTree = "<group>"; };
		E201A84E2214200500258902 /* ConsoleLogger.swift */ = {isa = PBXFileReference; fileEncoding = 4; lastKnownFileType = sourcecode.swift; path = ConsoleLogger.swift; sourceTree = "<group>"; };
		E201A8502214200500258902 /* BaseLogger.swift */ = {isa = PBXFileReference; fileEncoding = 4; lastKnownFileType = sourcecode.swift; path = BaseLogger.swift; sourceTree = "<group>"; };
		E201A8512214200500258902 /* BaseLogFormatter.swift */ = {isa = PBXFileReference; fileEncoding = 4; lastKnownFileType = sourcecode.swift; path = BaseLogFormatter.swift; sourceTree = "<group>"; };
		E201A8522214200500258902 /* BaseAbstractTextLogger.swift */ = {isa = PBXFileReference; fileEncoding = 4; lastKnownFileType = sourcecode.swift; path = BaseAbstractTextLogger.swift; sourceTree = "<group>"; };
		E201A8532214200500258902 /* DDLogFlag+Utils.swift */ = {isa = PBXFileReference; fileEncoding = 4; lastKnownFileType = sourcecode.swift; path = "DDLogFlag+Utils.swift"; sourceTree = "<group>"; };
		E201A8562214200500258902 /* LoggersManager.swift */ = {isa = PBXFileReference; fileEncoding = 4; lastKnownFileType = sourcecode.swift; name = LoggersManager.swift; path = ../../LogsManager/Classes/LoggersManager.swift; sourceTree = "<group>"; };
		E201A8592214200500258902 /* DDLogMessage+Utils.swift */ = {isa = PBXFileReference; fileEncoding = 4; lastKnownFileType = sourcecode.swift; path = "DDLogMessage+Utils.swift"; sourceTree = "<group>"; };
		E201A86D2214203C00258902 /* LogComponent.swift */ = {isa = PBXFileReference; fileEncoding = 4; lastKnownFileType = sourcecode.swift; path = LogComponent.swift; sourceTree = "<group>"; };
		E202681322117D03004CC28A /* LogsManager.framework */ = {isa = PBXFileReference; explicitFileType = wrapper.framework; includeInIndex = 0; path = LogsManager.framework; sourceTree = BUILT_PRODUCTS_DIR; };
		E202681622117D03004CC28A /* LogsManager.h */ = {isa = PBXFileReference; lastKnownFileType = sourcecode.c.h; path = LogsManager.h; sourceTree = "<group>"; };
		E202681722117D03004CC28A /* Info.plist */ = {isa = PBXFileReference; lastKnownFileType = text.plist.xml; path = Info.plist; sourceTree = "<group>"; };
		E28100B92315753B00F4A24A /* DDLogLevel+Utils.swift */ = {isa = PBXFileReference; fileEncoding = 4; lastKnownFileType = sourcecode.swift; path = "DDLogLevel+Utils.swift"; sourceTree = "<group>"; };
		E29A7C1622133499002E9E66 /* CocoaLumberjackSwift.framework */ = {isa = PBXFileReference; lastKnownFileType = wrapper.framework; name = CocoaLumberjackSwift.framework; path = Carthage/Build/iOS/CocoaLumberjackSwift.framework; sourceTree = "<group>"; };
		E29A7C1722133499002E9E66 /* CocoaLumberjack.framework */ = {isa = PBXFileReference; lastKnownFileType = wrapper.framework; name = CocoaLumberjack.framework; path = Carthage/Build/iOS/CocoaLumberjack.framework; sourceTree = "<group>"; };
		E2E0791022A8069800DECBD8 /* Collection+Utils.swift */ = {isa = PBXFileReference; lastKnownFileType = sourcecode.swift; path = "Collection+Utils.swift"; sourceTree = "<group>"; };
		E2E0791222A812B500DECBD8 /* FileLogger.swift */ = {isa = PBXFileReference; lastKnownFileType = sourcecode.swift; path = FileLogger.swift; sourceTree = "<group>"; };
		E2E0791A22A825E000DECBD8 /* BaseFileLogFormatter.swift */ = {isa = PBXFileReference; lastKnownFileType = sourcecode.swift; path = BaseFileLogFormatter.swift; sourceTree = "<group>"; };
		E2F9F8E123E03F88009E328F /* LogsManagerExtensionUnsafe.framework */ = {isa = PBXFileReference; explicitFileType = wrapper.framework; includeInIndex = 0; path = LogsManagerExtensionUnsafe.framework; sourceTree = BUILT_PRODUCTS_DIR; };
		E2F9F8E323E03F88009E328F /* LogsManagerExtensionUnsafe.h */ = {isa = PBXFileReference; lastKnownFileType = sourcecode.c.h; path = LogsManagerExtensionUnsafe.h; sourceTree = "<group>"; };
		E2F9F8E423E03F88009E328F /* Info.plist */ = {isa = PBXFileReference; lastKnownFileType = text.plist.xml; path = Info.plist; sourceTree = "<group>"; };
/* End PBXFileReference section */

/* Begin PBXFrameworksBuildPhase section */
		0D93895727446EE200529662 /* Frameworks */ = {
			isa = PBXFrameworksBuildPhase;
			buildActionMask = 2147483647;
			files = (
			);
			runOnlyForDeploymentPostprocessing = 0;
		};
		0D93896327446F6100529662 /* Frameworks */ = {
			isa = PBXFrameworksBuildPhase;
			buildActionMask = 2147483647;
			files = (
			);
			runOnlyForDeploymentPostprocessing = 0;
		};
		0D93896F27446F7300529662 /* Frameworks */ = {
			isa = PBXFrameworksBuildPhase;
			buildActionMask = 2147483647;
			files = (
			);
			runOnlyForDeploymentPostprocessing = 0;
		};
		0DE1511726064AEB0067545C /* Frameworks */ = {
			isa = PBXFrameworksBuildPhase;
			buildActionMask = 2147483647;
			files = (
			);
			runOnlyForDeploymentPostprocessing = 0;
		};
		E202681022117D03004CC28A /* Frameworks */ = {
			isa = PBXFrameworksBuildPhase;
			buildActionMask = 2147483647;
			files = (
				0D93895227446D5900529662 /* CocoaLumberjack.framework in Frameworks */,
				0D93895127446D5900529662 /* CocoaLumberjackSwift.framework in Frameworks */,
			);
			runOnlyForDeploymentPostprocessing = 0;
		};
		E2F9F8DE23E03F88009E328F /* Frameworks */ = {
			isa = PBXFrameworksBuildPhase;
			buildActionMask = 2147483647;
			files = (
				0D93895427446D5900529662 /* CocoaLumberjack.framework in Frameworks */,
				E2F9F8EC23E0408F009E328F /* LogsManager.framework in Frameworks */,
				0D93895327446D5900529662 /* CocoaLumberjackSwift.framework in Frameworks */,
			);
			runOnlyForDeploymentPostprocessing = 0;
		};
/* End PBXFrameworksBuildPhase section */

/* Begin PBXGroup section */
		0D93893B27446C6300529662 /* iOS */ = {
			isa = PBXGroup;
			children = (
				E29A7C1722133499002E9E66 /* CocoaLumberjack.framework */,
				E29A7C1622133499002E9E66 /* CocoaLumberjackSwift.framework */,
			);
			name = iOS;
			sourceTree = "<group>";
		};
		0D93893C27446C7000529662 /* watchOS */ = {
			isa = PBXGroup;
			children = (
				0D93893E27446C8300529662 /* CocoaLumberjack.framework */,
				0D93893D27446C8300529662 /* CocoaLumberjackSwift.framework */,
			);
			name = watchOS;
			sourceTree = "<group>";
		};
		0D93894327446CB000529662 /* macOS */ = {
			isa = PBXGroup;
			children = (
				0D93894427446CBE00529662 /* CocoaLumberjack.framework */,
				0D93894527446CBE00529662 /* CocoaLumberjackSwift.framework */,
			);
			name = macOS;
			sourceTree = "<group>";
		};
		0D93894A27446CC700529662 /* tvOS */ = {
			isa = PBXGroup;
			children = (
				0D93894B27446CCE00529662 /* CocoaLumberjack.framework */,
				0D93894C27446CCF00529662 /* CocoaLumberjackSwift.framework */,
			);
			name = tvOS;
			sourceTree = "<group>";
		};
		0D93895B27446EE200529662 /* RoutableLogger-macOS */ = {
			isa = PBXGroup;
			children = (
				0D93895C27446EE200529662 /* RoutableLogger_macOS.h */,
			);
			path = "RoutableLogger-macOS";
			sourceTree = "<group>";
		};
		0D93896727446F6100529662 /* RoutableLogger-watchOS */ = {
			isa = PBXGroup;
			children = (
				0D93896827446F6100529662 /* RoutableLogger_watchOS.h */,
			);
			path = "RoutableLogger-watchOS";
			sourceTree = "<group>";
		};
		0D93897327446F7300529662 /* RoutableLogger-tvOS */ = {
			isa = PBXGroup;
			children = (
				0D93897427446F7300529662 /* RoutableLogger_tvOS.h */,
			);
			path = "RoutableLogger-tvOS";
			sourceTree = "<group>";
		};
		0DE150DE260640E40067545C /* RoutableLogger */ = {
			isa = PBXGroup;
			children = (
				0DE150DF260640E40067545C /* RoutableLogger.swift */,
			);
			name = RoutableLogger;
			path = ../../LogsManager/RoutableLogger;
			sourceTree = "<group>";
		};
		0DE150E0260640E40067545C /* Shared */ = {
			isa = PBXGroup;
			children = (
				0DE150E1260640E40067545C /* Extensions */,
				0DE150EB260641410067545C /* Utils.swift */,
			);
			name = Shared;
			path = ../../LogsManager/Shared;
			sourceTree = "<group>";
		};
		0DE150E1260640E40067545C /* Extensions */ = {
			isa = PBXGroup;
			children = (
				0DE150E2260640E40067545C /* Data+Utils.swift */,
				0DE150F22606417C0067545C /* DateFormatter+Utils.swift */,
			);
			path = Extensions;
			sourceTree = "<group>";
		};
		0DE1511B26064AEB0067545C /* RoutableLogger */ = {
			isa = PBXGroup;
			children = (
				0DE1511C26064AEB0067545C /* RoutableLogger.h */,
				0DE1511D26064AEB0067545C /* Info.plist */,
			);
			path = RoutableLogger;
			sourceTree = "<group>";
		};
		1834AC72A69DC91E1F3B8EDA /* _Carthage */ = {
			isa = PBXGroup;
			children = (
				75997ED1E9FAC56B9BEC3F0E /* carthageAdd.command */,
				722BFDE9DE58393B9D916719 /* carthageRemove.command */,
				27A65933230C2FF4F758F562 /* carthageUpdate.command */,
			);
			name = _Carthage;
			sourceTree = "<group>";
		};
		E201A84022141FF200258902 /* Source */ = {
			isa = PBXGroup;
			children = (
				0DE150DE260640E40067545C /* RoutableLogger */,
				0DE150E0260640E40067545C /* Shared */,
				E201A8412214200500258902 /* _Extensions */,
				E201A8572214200500258902 /* _LogComponent */,
				E201A8482214200500258902 /* _Message Loggers */,
				E201A8472214200500258902 /* Log.swift */,
				E201A8562214200500258902 /* LoggersManager.swift */,
			);
			name = Source;
			sourceTree = "<group>";
		};
		E201A8412214200500258902 /* _Extensions */ = {
			isa = PBXGroup;
			children = (
				E201A8442214200500258902 /* Array+Utils.swift */,
				E2E0791022A8069800DECBD8 /* Collection+Utils.swift */,
				E201A8532214200500258902 /* DDLogFlag+Utils.swift */,
				E28100B92315753B00F4A24A /* DDLogLevel+Utils.swift */,
				E201A8592214200500258902 /* DDLogMessage+Utils.swift */,
				E201A8452214200500258902 /* String+Utils.swift */,
			);
			name = _Extensions;
			path = ../../LogsManager/Classes/_Extensions;
			sourceTree = "<group>";
		};
		E201A8482214200500258902 /* _Message Loggers */ = {
			isa = PBXGroup;
			children = (
				E201A84F2214200500258902 /* _Base */,
				E201A84E2214200500258902 /* ConsoleLogger.swift */,
				0DD92F5923C07F9C009F9A19 /* CrashLogger.swift */,
				E2E0791222A812B500DECBD8 /* FileLogger.swift */,
			);
			name = "_Message Loggers";
			path = "../../LogsManager/Classes/_Message Loggers";
			sourceTree = "<group>";
		};
		E201A84F2214200500258902 /* _Base */ = {
			isa = PBXGroup;
			children = (
				E201A8522214200500258902 /* BaseAbstractTextLogger.swift */,
				E2E0791A22A825E000DECBD8 /* BaseFileLogFormatter.swift */,
				E201A8512214200500258902 /* BaseLogFormatter.swift */,
				E201A8502214200500258902 /* BaseLogger.swift */,
				0D54D909261C903C00F6814C /* _DDTTYLogger.h */,
				0D54D90A261C903C00F6814C /* _DDTTYLogger.m */,
			);
			path = _Base;
			sourceTree = "<group>";
		};
		E201A8572214200500258902 /* _LogComponent */ = {
			isa = PBXGroup;
			children = (
				E201A86D2214203C00258902 /* LogComponent.swift */,
			);
			name = _LogComponent;
			path = ../../LogsManager/Classes/_LogComponent;
			sourceTree = "<group>";
		};
		E202680922117D03004CC28A = {
			isa = PBXGroup;
			children = (
				E202681522117D03004CC28A /* LogsManager */,
				E2F9F8E223E03F88009E328F /* LogsManagerExtensionUnsafe */,
				0DE1511B26064AEB0067545C /* RoutableLogger */,
				0D93895B27446EE200529662 /* RoutableLogger-macOS */,
				0D93896727446F6100529662 /* RoutableLogger-watchOS */,
				0D93897327446F7300529662 /* RoutableLogger-tvOS */,
				F1BD9B4AF93178888C20C526 /* Frameworks */,
				E202681422117D03004CC28A /* Products */,
			);
			sourceTree = "<group>";
		};
		E202681422117D03004CC28A /* Products */ = {
			isa = PBXGroup;
			children = (
				E202681322117D03004CC28A /* LogsManager.framework */,
				E2F9F8E123E03F88009E328F /* LogsManagerExtensionUnsafe.framework */,
				0DE1511A26064AEB0067545C /* RoutableLogger.framework */,
				0D93895A27446EE200529662 /* RoutableLogger.framework */,
				0D93896627446F6100529662 /* RoutableLogger.framework */,
				0D93897227446F7300529662 /* RoutableLogger.framework */,
			);
			name = Products;
			sourceTree = "<group>";
		};
		E202681522117D03004CC28A /* LogsManager */ = {
			isa = PBXGroup;
			children = (
				E201A84022141FF200258902 /* Source */,
				E29A7BE522133136002E9E66 /* _ */,
			);
			path = LogsManager;
			sourceTree = "<group>";
		};
		E29A7BE522133136002E9E66 /* _ */ = {
			isa = PBXGroup;
			children = (
				E202681622117D03004CC28A /* LogsManager.h */,
				E202681722117D03004CC28A /* Info.plist */,
			);
			name = _;
			sourceTree = "<group>";
		};
		E2F9F8E223E03F88009E328F /* LogsManagerExtensionUnsafe */ = {
			isa = PBXGroup;
			children = (
				0D93892C27445E8800529662 /* AlertLogger.swift */,
				0D93892B27445E8800529662 /* NotificationLogger.swift */,
				E2F9F8E323E03F88009E328F /* LogsManagerExtensionUnsafe.h */,
				E2F9F8E423E03F88009E328F /* Info.plist */,
			);
			path = LogsManagerExtensionUnsafe;
			sourceTree = "<group>";
		};
		F1BD9B4AF93178888C20C526 /* Frameworks */ = {
			isa = PBXGroup;
			children = (
				1834AC72A69DC91E1F3B8EDA /* _Carthage */,
				0D93893B27446C6300529662 /* iOS */,
				0D93894327446CB000529662 /* macOS */,
				0D93894A27446CC700529662 /* tvOS */,
				0D93893C27446C7000529662 /* watchOS */,
			);
			name = Frameworks;
			sourceTree = "<group>";
		};
/* End PBXGroup section */

/* Begin PBXHeadersBuildPhase section */
		0D93895527446EE200529662 /* Headers */ = {
			isa = PBXHeadersBuildPhase;
			buildActionMask = 2147483647;
			files = (
				0D93895D27446EE200529662 /* RoutableLogger_macOS.h in Headers */,
			);
			runOnlyForDeploymentPostprocessing = 0;
		};
		0D93896127446F6100529662 /* Headers */ = {
			isa = PBXHeadersBuildPhase;
			buildActionMask = 2147483647;
			files = (
				0D93896927446F6100529662 /* RoutableLogger_watchOS.h in Headers */,
			);
			runOnlyForDeploymentPostprocessing = 0;
		};
		0D93896D27446F7300529662 /* Headers */ = {
			isa = PBXHeadersBuildPhase;
			buildActionMask = 2147483647;
			files = (
				0D93897527446F7300529662 /* RoutableLogger_tvOS.h in Headers */,
			);
			runOnlyForDeploymentPostprocessing = 0;
		};
		0DE1511526064AEB0067545C /* Headers */ = {
			isa = PBXHeadersBuildPhase;
			buildActionMask = 2147483647;
			files = (
				0DE1511E26064AEB0067545C /* RoutableLogger.h in Headers */,
			);
			runOnlyForDeploymentPostprocessing = 0;
		};
		E202680E22117D03004CC28A /* Headers */ = {
			isa = PBXHeadersBuildPhase;
			buildActionMask = 2147483647;
			files = (
				0D54D90B261C903C00F6814C /* _DDTTYLogger.h in Headers */,
				E202681822117D03004CC28A /* LogsManager.h in Headers */,
			);
			runOnlyForDeploymentPostprocessing = 0;
		};
		E2F9F8DC23E03F88009E328F /* Headers */ = {
			isa = PBXHeadersBuildPhase;
			buildActionMask = 2147483647;
			files = (
				E2F9F8E523E03F88009E328F /* LogsManagerExtensionUnsafe.h in Headers */,
			);
			runOnlyForDeploymentPostprocessing = 0;
		};
/* End PBXHeadersBuildPhase section */

/* Begin PBXNativeTarget section */
		0D93895927446EE200529662 /* RoutableLogger-macOS */ = {
			isa = PBXNativeTarget;
			buildConfigurationList = 0D93895E27446EE200529662 /* Build configuration list for PBXNativeTarget "RoutableLogger-macOS" */;
			buildPhases = (
				0D93895527446EE200529662 /* Headers */,
				0D93895627446EE200529662 /* Sources */,
				0D93895727446EE200529662 /* Frameworks */,
				0D93895827446EE200529662 /* Resources */,
			);
			buildRules = (
			);
			dependencies = (
			);
			name = "RoutableLogger-macOS";
			productName = "RoutableLogger-macOS";
			productReference = 0D93895A27446EE200529662 /* RoutableLogger.framework */;
			productType = "com.apple.product-type.framework";
		};
		0D93896527446F6100529662 /* RoutableLogger-watchOS */ = {
			isa = PBXNativeTarget;
			buildConfigurationList = 0D93896A27446F6100529662 /* Build configuration list for PBXNativeTarget "RoutableLogger-watchOS" */;
			buildPhases = (
				0D93896127446F6100529662 /* Headers */,
				0D93896227446F6100529662 /* Sources */,
				0D93896327446F6100529662 /* Frameworks */,
				0D93896427446F6100529662 /* Resources */,
			);
			buildRules = (
			);
			dependencies = (
			);
			name = "RoutableLogger-watchOS";
			productName = "RoutableLogger-watchOS";
			productReference = 0D93896627446F6100529662 /* RoutableLogger.framework */;
			productType = "com.apple.product-type.framework";
		};
		0D93897127446F7300529662 /* RoutableLogger-tvOS */ = {
			isa = PBXNativeTarget;
			buildConfigurationList = 0D93897627446F7300529662 /* Build configuration list for PBXNativeTarget "RoutableLogger-tvOS" */;
			buildPhases = (
				0D93896D27446F7300529662 /* Headers */,
				0D93896E27446F7300529662 /* Sources */,
				0D93896F27446F7300529662 /* Frameworks */,
				0D93897027446F7300529662 /* Resources */,
			);
			buildRules = (
			);
			dependencies = (
			);
			name = "RoutableLogger-tvOS";
			productName = "RoutableLogger-tvOS";
			productReference = 0D93897227446F7300529662 /* RoutableLogger.framework */;
			productType = "com.apple.product-type.framework";
		};
		0DE1511926064AEB0067545C /* RoutableLogger */ = {
			isa = PBXNativeTarget;
			buildConfigurationList = 0DE1512126064AEB0067545C /* Build configuration list for PBXNativeTarget "RoutableLogger" */;
			buildPhases = (
				0DE1511526064AEB0067545C /* Headers */,
				0DE1511626064AEB0067545C /* Sources */,
				0DE1511726064AEB0067545C /* Frameworks */,
				0DE1511826064AEB0067545C /* Resources */,
			);
			buildRules = (
			);
			dependencies = (
			);
			name = RoutableLogger;
			productName = RoutableLogger;
			productReference = 0DE1511A26064AEB0067545C /* RoutableLogger.framework */;
			productType = "com.apple.product-type.framework";
		};
		E202681222117D03004CC28A /* LogsManager */ = {
			isa = PBXNativeTarget;
			buildConfigurationList = E202681B22117D03004CC28A /* Build configuration list for PBXNativeTarget "LogsManager" */;
			buildPhases = (
				E202680E22117D03004CC28A /* Headers */,
				E202680F22117D03004CC28A /* Sources */,
				E202681022117D03004CC28A /* Frameworks */,
				E202681122117D03004CC28A /* Resources */,
			);
			buildRules = (
			);
			dependencies = (
			);
			name = LogsManager;
			productName = LogsManager;
			productReference = E202681322117D03004CC28A /* LogsManager.framework */;
			productType = "com.apple.product-type.framework";
		};
		E2F9F8E023E03F88009E328F /* LogsManagerExtensionUnsafe */ = {
			isa = PBXNativeTarget;
			buildConfigurationList = E2F9F8E623E03F88009E328F /* Build configuration list for PBXNativeTarget "LogsManagerExtensionUnsafe" */;
			buildPhases = (
				E2F9F8DC23E03F88009E328F /* Headers */,
				E2F9F8DD23E03F88009E328F /* Sources */,
				E2F9F8DE23E03F88009E328F /* Frameworks */,
				E2F9F8DF23E03F88009E328F /* Resources */,
			);
			buildRules = (
			);
			dependencies = (
				E2F9F8EF23E0408F009E328F /* PBXTargetDependency */,
			);
			name = LogsManagerExtensionUnsafe;
			productName = LogsManagerExtensionUnsafe;
			productReference = E2F9F8E123E03F88009E328F /* LogsManagerExtensionUnsafe.framework */;
			productType = "com.apple.product-type.framework";
		};
/* End PBXNativeTarget section */

/* Begin PBXProject section */
		E202680A22117D03004CC28A /* Project object */ = {
			isa = PBXProject;
			attributes = {
				LastUpgradeCheck = 1240;
				ORGANIZATIONNAME = "Anton Plebanovich";
				TargetAttributes = {
					0D93895927446EE200529662 = {
						CreatedOnToolsVersion = 13.1;
					};
					0D93896527446F6100529662 = {
						CreatedOnToolsVersion = 13.1;
					};
					0D93897127446F7300529662 = {
						CreatedOnToolsVersion = 13.1;
					};
					0DE1511926064AEB0067545C = {
						CreatedOnToolsVersion = 12.4;
					};
					E202681222117D03004CC28A = {
						CreatedOnToolsVersion = 10.1;
						LastSwiftMigration = 1130;
					};
					E2F9F8E023E03F88009E328F = {
						CreatedOnToolsVersion = 11.3.1;
					};
				};
			};
			buildConfigurationList = E202680D22117D03004CC28A /* Build configuration list for PBXProject "LogsManager" */;
			compatibilityVersion = "Xcode 9.3";
			developmentRegion = en;
			hasScannedForEncodings = 0;
			knownRegions = (
				en,
				Base,
			);
			mainGroup = E202680922117D03004CC28A;
			productRefGroup = E202681422117D03004CC28A /* Products */;
			projectDirPath = "";
			projectRoot = "";
			targets = (
				E202681222117D03004CC28A /* LogsManager */,
				E2F9F8E023E03F88009E328F /* LogsManagerExtensionUnsafe */,
				0DE1511926064AEB0067545C /* RoutableLogger */,
				0D93895927446EE200529662 /* RoutableLogger-macOS */,
				0D93896527446F6100529662 /* RoutableLogger-watchOS */,
				0D93897127446F7300529662 /* RoutableLogger-tvOS */,
			);
		};
/* End PBXProject section */

/* Begin PBXResourcesBuildPhase section */
		0D93895827446EE200529662 /* Resources */ = {
			isa = PBXResourcesBuildPhase;
			buildActionMask = 2147483647;
			files = (
			);
			runOnlyForDeploymentPostprocessing = 0;
		};
		0D93896427446F6100529662 /* Resources */ = {
			isa = PBXResourcesBuildPhase;
			buildActionMask = 2147483647;
			files = (
			);
			runOnlyForDeploymentPostprocessing = 0;
		};
		0D93897027446F7300529662 /* Resources */ = {
			isa = PBXResourcesBuildPhase;
			buildActionMask = 2147483647;
			files = (
			);
			runOnlyForDeploymentPostprocessing = 0;
		};
		0DE1511826064AEB0067545C /* Resources */ = {
			isa = PBXResourcesBuildPhase;
			buildActionMask = 2147483647;
			files = (
			);
			runOnlyForDeploymentPostprocessing = 0;
		};
		E202681122117D03004CC28A /* Resources */ = {
			isa = PBXResourcesBuildPhase;
			buildActionMask = 2147483647;
			files = (
			);
			runOnlyForDeploymentPostprocessing = 0;
		};
		E2F9F8DF23E03F88009E328F /* Resources */ = {
			isa = PBXResourcesBuildPhase;
			buildActionMask = 2147483647;
			files = (
			);
			runOnlyForDeploymentPostprocessing = 0;
		};
/* End PBXResourcesBuildPhase section */

/* Begin PBXSourcesBuildPhase section */
		0D93895627446EE200529662 /* Sources */ = {
			isa = PBXSourcesBuildPhase;
			buildActionMask = 2147483647;
			files = (
				0D93897927446F9000529662 /* RoutableLogger.swift in Sources */,
				0D93897C27446FA200529662 /* Data+Utils.swift in Sources */,
				0D93897D27446FA200529662 /* DateFormatter+Utils.swift in Sources */,
				0D93897E27446FA200529662 /* Utils.swift in Sources */,
			);
			runOnlyForDeploymentPostprocessing = 0;
		};
		0D93896227446F6100529662 /* Sources */ = {
			isa = PBXSourcesBuildPhase;
			buildActionMask = 2147483647;
			files = (
				0D93897A27446F9000529662 /* RoutableLogger.swift in Sources */,
				0D93897F27446FA300529662 /* Data+Utils.swift in Sources */,
				0D93898027446FA300529662 /* DateFormatter+Utils.swift in Sources */,
				0D93898127446FA300529662 /* Utils.swift in Sources */,
			);
			runOnlyForDeploymentPostprocessing = 0;
		};
		0D93896E27446F7300529662 /* Sources */ = {
			isa = PBXSourcesBuildPhase;
			buildActionMask = 2147483647;
			files = (
				0D93897B27446F9100529662 /* RoutableLogger.swift in Sources */,
				0D93898227446FA300529662 /* Data+Utils.swift in Sources */,
				0D93898327446FA300529662 /* DateFormatter+Utils.swift in Sources */,
				0D93898427446FA300529662 /* Utils.swift in Sources */,
			);
			runOnlyForDeploymentPostprocessing = 0;
		};
		0DE1511626064AEB0067545C /* Sources */ = {
			isa = PBXSourcesBuildPhase;
			buildActionMask = 2147483647;
			files = (
				0DE1512826064AF00067545C /* RoutableLogger.swift in Sources */,
				0DE1512C26064AF50067545C /* Data+Utils.swift in Sources */,
				0DE1512D26064AF50067545C /* DateFormatter+Utils.swift in Sources */,
				0DE1513126064AF80067545C /* Utils.swift in Sources */,
			);
			runOnlyForDeploymentPostprocessing = 0;
		};
		E202680F22117D03004CC28A /* Sources */ = {
			isa = PBXSourcesBuildPhase;
			buildActionMask = 2147483647;
			files = (
				E201A86C2214200500258902 /* DDLogMessage+Utils.swift in Sources */,
				E201A85D2214200500258902 /* String+Utils.swift in Sources */,
				E2E0791B22A825E000DECBD8 /* BaseFileLogFormatter.swift in Sources */,
				E201A85F2214200500258902 /* Log.swift in Sources */,
				E2E0791122A8069800DECBD8 /* Collection+Utils.swift in Sources */,
				E28100BA2315753B00F4A24A /* DDLogLevel+Utils.swift in Sources */,
				E2E0791322A812B500DECBD8 /* FileLogger.swift in Sources */,
				E201A86E2214203C00258902 /* LogComponent.swift in Sources */,
				0DE150E5260640E40067545C /* Data+Utils.swift in Sources */,
				E201A8662214200500258902 /* BaseLogFormatter.swift in Sources */,
				E201A85C2214200500258902 /* Array+Utils.swift in Sources */,
				E201A8672214200500258902 /* BaseAbstractTextLogger.swift in Sources */,
				E201A86A2214200500258902 /* LoggersManager.swift in Sources */,
				E201A8682214200500258902 /* DDLogFlag+Utils.swift in Sources */,
				0D54D90C261C903C00F6814C /* _DDTTYLogger.m in Sources */,
				E201A8642214200500258902 /* ConsoleLogger.swift in Sources */,
				0DE150EC260641410067545C /* Utils.swift in Sources */,
				0DE150F32606417C0067545C /* DateFormatter+Utils.swift in Sources */,
				0DD92F5A23C07F9C009F9A19 /* CrashLogger.swift in Sources */,
				E201A8652214200500258902 /* BaseLogger.swift in Sources */,
			);
			runOnlyForDeploymentPostprocessing = 0;
		};
		E2F9F8DD23E03F88009E328F /* Sources */ = {
			isa = PBXSourcesBuildPhase;
			buildActionMask = 2147483647;
			files = (
				0D93892E27445E8800529662 /* AlertLogger.swift in Sources */,
				0D93892D27445E8800529662 /* NotificationLogger.swift in Sources */,
			);
			runOnlyForDeploymentPostprocessing = 0;
		};
/* End PBXSourcesBuildPhase section */

/* Begin PBXTargetDependency section */
		E2F9F8EF23E0408F009E328F /* PBXTargetDependency */ = {
			isa = PBXTargetDependency;
			target = E202681222117D03004CC28A /* LogsManager */;
			targetProxy = E2F9F8EE23E0408F009E328F /* PBXContainerItemProxy */;
		};
/* End PBXTargetDependency section */

/* Begin XCBuildConfiguration section */
		0D93895F27446EE200529662 /* Debug */ = {
			isa = XCBuildConfiguration;
			buildSettings = {
				APPLICATION_EXTENSION_API_ONLY = YES;
				CLANG_CXX_LANGUAGE_STANDARD = "gnu++17";
				CLANG_WARN_QUOTED_INCLUDE_IN_FRAMEWORK_HEADER = YES;
				CODE_SIGN_STYLE = Automatic;
				COMBINE_HIDPI_IMAGES = YES;
				CURRENT_PROJECT_VERSION = 1;
				DEFINES_MODULE = YES;
				DYLIB_COMPATIBILITY_VERSION = 1;
				DYLIB_CURRENT_VERSION = 1;
				DYLIB_INSTALL_NAME_BASE = "@rpath";
				GENERATE_INFOPLIST_FILE = YES;
				INFOPLIST_KEY_NSHumanReadableCopyright = "Copyright © 2021 Anton Plebanovich. All rights reserved.";
				INSTALL_PATH = "$(LOCAL_LIBRARY_DIR)/Frameworks";
				LD_RUNPATH_SEARCH_PATHS = (
					"$(inherited)",
					"@executable_path/../Frameworks",
					"@loader_path/Frameworks",
				);
				MACOSX_DEPLOYMENT_TARGET = 10.10;
				MARKETING_VERSION = 1.0;
				PRODUCT_BUNDLE_IDENTIFIER = "com.anton-plebanovich.RoutableLogger-macOS";
				PRODUCT_NAME = RoutableLogger;
				SDKROOT = macosx;
				SKIP_INSTALL = YES;
				SWIFT_EMIT_LOC_STRINGS = YES;
				SWIFT_VERSION = 5.0;
			};
			name = Debug;
		};
		0D93896027446EE200529662 /* Release */ = {
			isa = XCBuildConfiguration;
			buildSettings = {
				APPLICATION_EXTENSION_API_ONLY = YES;
				CLANG_CXX_LANGUAGE_STANDARD = "gnu++17";
				CLANG_WARN_QUOTED_INCLUDE_IN_FRAMEWORK_HEADER = YES;
				CODE_SIGN_STYLE = Automatic;
				COMBINE_HIDPI_IMAGES = YES;
				CURRENT_PROJECT_VERSION = 1;
				DEFINES_MODULE = YES;
				DYLIB_COMPATIBILITY_VERSION = 1;
				DYLIB_CURRENT_VERSION = 1;
				DYLIB_INSTALL_NAME_BASE = "@rpath";
				GENERATE_INFOPLIST_FILE = YES;
				INFOPLIST_KEY_NSHumanReadableCopyright = "Copyright © 2021 Anton Plebanovich. All rights reserved.";
				INSTALL_PATH = "$(LOCAL_LIBRARY_DIR)/Frameworks";
				LD_RUNPATH_SEARCH_PATHS = (
					"$(inherited)",
					"@executable_path/../Frameworks",
					"@loader_path/Frameworks",
				);
				MACOSX_DEPLOYMENT_TARGET = 10.10;
				MARKETING_VERSION = 1.0;
				PRODUCT_BUNDLE_IDENTIFIER = "com.anton-plebanovich.RoutableLogger-macOS";
				PRODUCT_NAME = RoutableLogger;
				SDKROOT = macosx;
				SKIP_INSTALL = YES;
				SWIFT_EMIT_LOC_STRINGS = YES;
				SWIFT_VERSION = 5.0;
			};
			name = Release;
		};
		0D93896B27446F6100529662 /* Debug */ = {
			isa = XCBuildConfiguration;
			buildSettings = {
				APPLICATION_EXTENSION_API_ONLY = YES;
				CLANG_CXX_LANGUAGE_STANDARD = "gnu++17";
				CLANG_WARN_QUOTED_INCLUDE_IN_FRAMEWORK_HEADER = YES;
				CODE_SIGN_STYLE = Automatic;
				CURRENT_PROJECT_VERSION = 1;
				DEFINES_MODULE = YES;
				DYLIB_COMPATIBILITY_VERSION = 1;
				DYLIB_CURRENT_VERSION = 1;
				DYLIB_INSTALL_NAME_BASE = "@rpath";
				GENERATE_INFOPLIST_FILE = YES;
				INFOPLIST_KEY_NSHumanReadableCopyright = "Copyright © 2021 Anton Plebanovich. All rights reserved.";
				INSTALL_PATH = "$(LOCAL_LIBRARY_DIR)/Frameworks";
				LD_RUNPATH_SEARCH_PATHS = (
					"$(inherited)",
					"@executable_path/Frameworks",
					"@loader_path/Frameworks",
				);
				MARKETING_VERSION = 1.0;
				PRODUCT_BUNDLE_IDENTIFIER = "com.anton-plebanovich.RoutableLogger-watchOS";
				PRODUCT_NAME = RoutableLogger;
				SDKROOT = watchos;
				SKIP_INSTALL = YES;
				SWIFT_EMIT_LOC_STRINGS = YES;
				SWIFT_VERSION = 5.0;
				TARGETED_DEVICE_FAMILY = 4;
				WATCHOS_DEPLOYMENT_TARGET = 8.0;
			};
			name = Debug;
		};
		0D93896C27446F6100529662 /* Release */ = {
			isa = XCBuildConfiguration;
			buildSettings = {
				APPLICATION_EXTENSION_API_ONLY = YES;
				CLANG_CXX_LANGUAGE_STANDARD = "gnu++17";
				CLANG_WARN_QUOTED_INCLUDE_IN_FRAMEWORK_HEADER = YES;
				CODE_SIGN_STYLE = Automatic;
				CURRENT_PROJECT_VERSION = 1;
				DEFINES_MODULE = YES;
				DYLIB_COMPATIBILITY_VERSION = 1;
				DYLIB_CURRENT_VERSION = 1;
				DYLIB_INSTALL_NAME_BASE = "@rpath";
				GENERATE_INFOPLIST_FILE = YES;
				INFOPLIST_KEY_NSHumanReadableCopyright = "Copyright © 2021 Anton Plebanovich. All rights reserved.";
				INSTALL_PATH = "$(LOCAL_LIBRARY_DIR)/Frameworks";
				LD_RUNPATH_SEARCH_PATHS = (
					"$(inherited)",
					"@executable_path/Frameworks",
					"@loader_path/Frameworks",
				);
				MARKETING_VERSION = 1.0;
				PRODUCT_BUNDLE_IDENTIFIER = "com.anton-plebanovich.RoutableLogger-watchOS";
				PRODUCT_NAME = RoutableLogger;
				SDKROOT = watchos;
				SKIP_INSTALL = YES;
				SWIFT_EMIT_LOC_STRINGS = YES;
				SWIFT_VERSION = 5.0;
				TARGETED_DEVICE_FAMILY = 4;
				WATCHOS_DEPLOYMENT_TARGET = 8.0;
			};
			name = Release;
		};
		0D93897727446F7300529662 /* Debug */ = {
			isa = XCBuildConfiguration;
			buildSettings = {
				CLANG_CXX_LANGUAGE_STANDARD = "gnu++17";
				CLANG_WARN_QUOTED_INCLUDE_IN_FRAMEWORK_HEADER = YES;
				CODE_SIGN_STYLE = Automatic;
				CURRENT_PROJECT_VERSION = 1;
				DEFINES_MODULE = YES;
				DYLIB_COMPATIBILITY_VERSION = 1;
				DYLIB_CURRENT_VERSION = 1;
				DYLIB_INSTALL_NAME_BASE = "@rpath";
				GENERATE_INFOPLIST_FILE = YES;
				INFOPLIST_KEY_NSHumanReadableCopyright = "Copyright © 2021 Anton Plebanovich. All rights reserved.";
				INSTALL_PATH = "$(LOCAL_LIBRARY_DIR)/Frameworks";
				LD_RUNPATH_SEARCH_PATHS = (
					"$(inherited)",
					"@executable_path/Frameworks",
					"@loader_path/Frameworks",
				);
				MARKETING_VERSION = 1.0;
				PRODUCT_BUNDLE_IDENTIFIER = "com.anton-plebanovich.RoutableLogger-tvOS";
				PRODUCT_NAME = RoutableLogger;
				SDKROOT = appletvos;
				SKIP_INSTALL = YES;
				SWIFT_EMIT_LOC_STRINGS = YES;
				SWIFT_VERSION = 5.0;
				TARGETED_DEVICE_FAMILY = 3;
				TVOS_DEPLOYMENT_TARGET = 15.0;
			};
			name = Debug;
		};
		0D93897827446F7300529662 /* Release */ = {
			isa = XCBuildConfiguration;
			buildSettings = {
				CLANG_CXX_LANGUAGE_STANDARD = "gnu++17";
				CLANG_WARN_QUOTED_INCLUDE_IN_FRAMEWORK_HEADER = YES;
				CODE_SIGN_STYLE = Automatic;
				CURRENT_PROJECT_VERSION = 1;
				DEFINES_MODULE = YES;
				DYLIB_COMPATIBILITY_VERSION = 1;
				DYLIB_CURRENT_VERSION = 1;
				DYLIB_INSTALL_NAME_BASE = "@rpath";
				GENERATE_INFOPLIST_FILE = YES;
				INFOPLIST_KEY_NSHumanReadableCopyright = "Copyright © 2021 Anton Plebanovich. All rights reserved.";
				INSTALL_PATH = "$(LOCAL_LIBRARY_DIR)/Frameworks";
				LD_RUNPATH_SEARCH_PATHS = (
					"$(inherited)",
					"@executable_path/Frameworks",
					"@loader_path/Frameworks",
				);
				MARKETING_VERSION = 1.0;
				PRODUCT_BUNDLE_IDENTIFIER = "com.anton-plebanovich.RoutableLogger-tvOS";
				PRODUCT_NAME = RoutableLogger;
				SDKROOT = appletvos;
				SKIP_INSTALL = YES;
				SWIFT_EMIT_LOC_STRINGS = YES;
				SWIFT_VERSION = 5.0;
				TARGETED_DEVICE_FAMILY = 3;
				TVOS_DEPLOYMENT_TARGET = 15.0;
			};
			name = Release;
		};
		0DE1511F26064AEB0067545C /* Debug */ = {
			isa = XCBuildConfiguration;
			buildSettings = {
				ALLOW_TARGET_PLATFORM_SPECIALIZATION = YES;
				APPLICATION_EXTENSION_API_ONLY = YES;
				CLANG_WARN_QUOTED_INCLUDE_IN_FRAMEWORK_HEADER = YES;
				CODE_SIGN_STYLE = Automatic;
				DEFINES_MODULE = YES;
				DEVELOPMENT_TEAM = UW54N2U6G5;
				DYLIB_COMPATIBILITY_VERSION = 1;
				DYLIB_CURRENT_VERSION = 1;
				DYLIB_INSTALL_NAME_BASE = "@rpath";
				INFOPLIST_FILE = RoutableLogger/Info.plist;
				INSTALL_PATH = "$(LOCAL_LIBRARY_DIR)/Frameworks";
				LD_RUNPATH_SEARCH_PATHS = (
					"$(inherited)",
					"@executable_path/Frameworks",
					"@loader_path/Frameworks",
				);
				PRODUCT_BUNDLE_IDENTIFIER = "com.anton-plebanovich.RoutableLogger";
				PRODUCT_NAME = "$(TARGET_NAME:c99extidentifier)";
				SKIP_INSTALL = YES;
				SUPPORTS_MACCATALYST = YES;
				SWIFT_VERSION = 5.0;
				TARGETED_DEVICE_FAMILY = "1,2";
			};
			name = Debug;
		};
		0DE1512026064AEB0067545C /* Release */ = {
			isa = XCBuildConfiguration;
			buildSettings = {
				ALLOW_TARGET_PLATFORM_SPECIALIZATION = YES;
				APPLICATION_EXTENSION_API_ONLY = YES;
				CLANG_WARN_QUOTED_INCLUDE_IN_FRAMEWORK_HEADER = YES;
				CODE_SIGN_STYLE = Automatic;
				DEFINES_MODULE = YES;
				DEVELOPMENT_TEAM = UW54N2U6G5;
				DYLIB_COMPATIBILITY_VERSION = 1;
				DYLIB_CURRENT_VERSION = 1;
				DYLIB_INSTALL_NAME_BASE = "@rpath";
				INFOPLIST_FILE = RoutableLogger/Info.plist;
				INSTALL_PATH = "$(LOCAL_LIBRARY_DIR)/Frameworks";
				LD_RUNPATH_SEARCH_PATHS = (
					"$(inherited)",
					"@executable_path/Frameworks",
					"@loader_path/Frameworks",
				);
				PRODUCT_BUNDLE_IDENTIFIER = "com.anton-plebanovich.RoutableLogger";
				PRODUCT_NAME = "$(TARGET_NAME:c99extidentifier)";
				SKIP_INSTALL = YES;
				SUPPORTS_MACCATALYST = YES;
				SWIFT_VERSION = 5.0;
				TARGETED_DEVICE_FAMILY = "1,2";
			};
			name = Release;
		};
		E202681922117D03004CC28A /* Debug */ = {
			isa = XCBuildConfiguration;
			buildSettings = {
				ALWAYS_SEARCH_USER_PATHS = NO;
				CLANG_ANALYZER_NONNULL = YES;
				CLANG_ANALYZER_NUMBER_OBJECT_CONVERSION = YES_AGGRESSIVE;
				CLANG_CXX_LANGUAGE_STANDARD = "gnu++14";
				CLANG_CXX_LIBRARY = "libc++";
				CLANG_ENABLE_MODULES = YES;
				CLANG_ENABLE_OBJC_ARC = YES;
				CLANG_ENABLE_OBJC_WEAK = YES;
				CLANG_WARN_BLOCK_CAPTURE_AUTORELEASING = YES;
				CLANG_WARN_BOOL_CONVERSION = YES;
				CLANG_WARN_COMMA = YES;
				CLANG_WARN_CONSTANT_CONVERSION = YES;
				CLANG_WARN_DEPRECATED_OBJC_IMPLEMENTATIONS = YES;
				CLANG_WARN_DIRECT_OBJC_ISA_USAGE = YES_ERROR;
				CLANG_WARN_DOCUMENTATION_COMMENTS = YES;
				CLANG_WARN_EMPTY_BODY = YES;
				CLANG_WARN_ENUM_CONVERSION = YES;
				CLANG_WARN_INFINITE_RECURSION = YES;
				CLANG_WARN_INT_CONVERSION = YES;
				CLANG_WARN_NON_LITERAL_NULL_CONVERSION = YES;
				CLANG_WARN_OBJC_IMPLICIT_RETAIN_SELF = YES;
				CLANG_WARN_OBJC_LITERAL_CONVERSION = YES;
				CLANG_WARN_OBJC_ROOT_CLASS = YES_ERROR;
				CLANG_WARN_RANGE_LOOP_ANALYSIS = YES;
				CLANG_WARN_STRICT_PROTOTYPES = YES;
				CLANG_WARN_SUSPICIOUS_MOVE = YES;
				CLANG_WARN_UNGUARDED_AVAILABILITY = YES_AGGRESSIVE;
				CLANG_WARN_UNREACHABLE_CODE = YES;
				CLANG_WARN__DUPLICATE_METHOD_MATCH = YES;
				CODE_SIGN_STYLE = Manual;
				COPY_PHASE_STRIP = NO;
				CURRENT_PROJECT_VERSION = 1;
				DEBUG_INFORMATION_FORMAT = dwarf;
				ENABLE_STRICT_OBJC_MSGSEND = YES;
				ENABLE_TESTABILITY = YES;
				GCC_C_LANGUAGE_STANDARD = gnu11;
				GCC_DYNAMIC_NO_PIC = NO;
				GCC_NO_COMMON_BLOCKS = YES;
				GCC_OPTIMIZATION_LEVEL = 0;
				GCC_PREPROCESSOR_DEFINITIONS = (
					"DEBUG=1",
					"$(inherited)",
				);
				GCC_WARN_64_TO_32_BIT_CONVERSION = YES;
				GCC_WARN_ABOUT_RETURN_TYPE = YES_ERROR;
				GCC_WARN_UNDECLARED_SELECTOR = YES;
				GCC_WARN_UNINITIALIZED_AUTOS = YES_AGGRESSIVE;
				GCC_WARN_UNUSED_FUNCTION = YES;
				GCC_WARN_UNUSED_VARIABLE = YES;
				IPHONEOS_DEPLOYMENT_TARGET = 9.0;
				MTL_ENABLE_DEBUG_INFO = INCLUDE_SOURCE;
				MTL_FAST_MATH = YES;
				ONLY_ACTIVE_ARCH = YES;
				SDKROOT = iphoneos;
				SWIFT_ACTIVE_COMPILATION_CONDITIONS = DEBUG;
				SWIFT_OPTIMIZATION_LEVEL = "-Onone";
				SWIFT_VERSION = 5.0;
				VERSIONING_SYSTEM = "apple-generic";
				VERSION_INFO_PREFIX = "";
			};
			name = Debug;
		};
		E202681A22117D03004CC28A /* Release */ = {
			isa = XCBuildConfiguration;
			buildSettings = {
				ALWAYS_SEARCH_USER_PATHS = NO;
				CLANG_ANALYZER_NONNULL = YES;
				CLANG_ANALYZER_NUMBER_OBJECT_CONVERSION = YES_AGGRESSIVE;
				CLANG_CXX_LANGUAGE_STANDARD = "gnu++14";
				CLANG_CXX_LIBRARY = "libc++";
				CLANG_ENABLE_MODULES = YES;
				CLANG_ENABLE_OBJC_ARC = YES;
				CLANG_ENABLE_OBJC_WEAK = YES;
				CLANG_WARN_BLOCK_CAPTURE_AUTORELEASING = YES;
				CLANG_WARN_BOOL_CONVERSION = YES;
				CLANG_WARN_COMMA = YES;
				CLANG_WARN_CONSTANT_CONVERSION = YES;
				CLANG_WARN_DEPRECATED_OBJC_IMPLEMENTATIONS = YES;
				CLANG_WARN_DIRECT_OBJC_ISA_USAGE = YES_ERROR;
				CLANG_WARN_DOCUMENTATION_COMMENTS = YES;
				CLANG_WARN_EMPTY_BODY = YES;
				CLANG_WARN_ENUM_CONVERSION = YES;
				CLANG_WARN_INFINITE_RECURSION = YES;
				CLANG_WARN_INT_CONVERSION = YES;
				CLANG_WARN_NON_LITERAL_NULL_CONVERSION = YES;
				CLANG_WARN_OBJC_IMPLICIT_RETAIN_SELF = YES;
				CLANG_WARN_OBJC_LITERAL_CONVERSION = YES;
				CLANG_WARN_OBJC_ROOT_CLASS = YES_ERROR;
				CLANG_WARN_RANGE_LOOP_ANALYSIS = YES;
				CLANG_WARN_STRICT_PROTOTYPES = YES;
				CLANG_WARN_SUSPICIOUS_MOVE = YES;
				CLANG_WARN_UNGUARDED_AVAILABILITY = YES_AGGRESSIVE;
				CLANG_WARN_UNREACHABLE_CODE = YES;
				CLANG_WARN__DUPLICATE_METHOD_MATCH = YES;
				CODE_SIGN_STYLE = Manual;
				COPY_PHASE_STRIP = NO;
				CURRENT_PROJECT_VERSION = 1;
				DEBUG_INFORMATION_FORMAT = "dwarf-with-dsym";
				ENABLE_NS_ASSERTIONS = NO;
				ENABLE_STRICT_OBJC_MSGSEND = YES;
				GCC_C_LANGUAGE_STANDARD = gnu11;
				GCC_NO_COMMON_BLOCKS = YES;
				GCC_WARN_64_TO_32_BIT_CONVERSION = YES;
				GCC_WARN_ABOUT_RETURN_TYPE = YES_ERROR;
				GCC_WARN_UNDECLARED_SELECTOR = YES;
				GCC_WARN_UNINITIALIZED_AUTOS = YES_AGGRESSIVE;
				GCC_WARN_UNUSED_FUNCTION = YES;
				GCC_WARN_UNUSED_VARIABLE = YES;
				IPHONEOS_DEPLOYMENT_TARGET = 9.0;
				MTL_ENABLE_DEBUG_INFO = NO;
				MTL_FAST_MATH = YES;
				SDKROOT = iphoneos;
				SWIFT_COMPILATION_MODE = wholemodule;
				SWIFT_OPTIMIZATION_LEVEL = "-O";
				SWIFT_VERSION = 5.0;
				VALIDATE_PRODUCT = YES;
				VERSIONING_SYSTEM = "apple-generic";
				VERSION_INFO_PREFIX = "";
			};
			name = Release;
		};
		E202681C22117D03004CC28A /* Debug */ = {
			isa = XCBuildConfiguration;
			buildSettings = {
				ALLOW_TARGET_PLATFORM_SPECIALIZATION = YES;
				APPLICATION_EXTENSION_API_ONLY = YES;
				CLANG_ENABLE_MODULES = YES;
				DEFINES_MODULE = YES;
				DYLIB_COMPATIBILITY_VERSION = 1;
				DYLIB_CURRENT_VERSION = 1;
				DYLIB_INSTALL_NAME_BASE = "@rpath";
				FRAMEWORK_SEARCH_PATHS = (
					"$(inherited)",
					"$(PROJECT_DIR)/Carthage/Build/iOS",
				);
				INFOPLIST_FILE = LogsManager/Info.plist;
				INSTALL_PATH = "$(LOCAL_LIBRARY_DIR)/Frameworks";
				LD_RUNPATH_SEARCH_PATHS = (
					"$(inherited)",
					"@executable_path/Frameworks",
					"@loader_path/Frameworks",
				);
				PRODUCT_BUNDLE_IDENTIFIER = "com.anton-plebanovich.LogsManager";
				PRODUCT_NAME = "$(TARGET_NAME:c99extidentifier)";
				SKIP_INSTALL = YES;
				SUPPORTS_MACCATALYST = YES;
				SWIFT_OPTIMIZATION_LEVEL = "-Onone";
				SWIFT_VERSION = 5.0;
				TARGETED_DEVICE_FAMILY = "1,2";
			};
			name = Debug;
		};
		E202681D22117D03004CC28A /* Release */ = {
			isa = XCBuildConfiguration;
			buildSettings = {
				ALLOW_TARGET_PLATFORM_SPECIALIZATION = YES;
				APPLICATION_EXTENSION_API_ONLY = YES;
				CLANG_ENABLE_MODULES = YES;
				DEFINES_MODULE = YES;
				DYLIB_COMPATIBILITY_VERSION = 1;
				DYLIB_CURRENT_VERSION = 1;
				DYLIB_INSTALL_NAME_BASE = "@rpath";
				FRAMEWORK_SEARCH_PATHS = (
					"$(inherited)",
					"$(PROJECT_DIR)/Carthage/Build/iOS",
				);
				INFOPLIST_FILE = LogsManager/Info.plist;
				INSTALL_PATH = "$(LOCAL_LIBRARY_DIR)/Frameworks";
				LD_RUNPATH_SEARCH_PATHS = (
					"$(inherited)",
					"@executable_path/Frameworks",
					"@loader_path/Frameworks",
				);
				PRODUCT_BUNDLE_IDENTIFIER = "com.anton-plebanovich.LogsManager";
				PRODUCT_NAME = "$(TARGET_NAME:c99extidentifier)";
				SKIP_INSTALL = YES;
				SUPPORTS_MACCATALYST = YES;
				SWIFT_VERSION = 5.0;
				TARGETED_DEVICE_FAMILY = "1,2";
			};
			name = Release;
		};
		E2F9F8E723E03F88009E328F /* Debug */ = {
			isa = XCBuildConfiguration;
			buildSettings = {
				DEFINES_MODULE = YES;
				DYLIB_COMPATIBILITY_VERSION = 1;
				DYLIB_CURRENT_VERSION = 1;
				DYLIB_INSTALL_NAME_BASE = "@rpath";
				FRAMEWORK_SEARCH_PATHS = (
					"$(inherited)",
					"$(PROJECT_DIR)/Carthage/Build/iOS",
				);
				INFOPLIST_FILE = LogsManagerExtensionUnsafe/Info.plist;
				INSTALL_PATH = "$(LOCAL_LIBRARY_DIR)/Frameworks";
				LD_RUNPATH_SEARCH_PATHS = (
					"$(inherited)",
					"@executable_path/Frameworks",
					"@loader_path/Frameworks",
				);
				PRODUCT_BUNDLE_IDENTIFIER = "com.anton-plebanovich.LogsManagerExtensionUnsafe";
				PRODUCT_NAME = "$(TARGET_NAME:c99extidentifier)";
				SKIP_INSTALL = YES;
				TARGETED_DEVICE_FAMILY = "1,2";
			};
			name = Debug;
		};
		E2F9F8E823E03F88009E328F /* Release */ = {
			isa = XCBuildConfiguration;
			buildSettings = {
				DEFINES_MODULE = YES;
				DYLIB_COMPATIBILITY_VERSION = 1;
				DYLIB_CURRENT_VERSION = 1;
				DYLIB_INSTALL_NAME_BASE = "@rpath";
				FRAMEWORK_SEARCH_PATHS = (
					"$(inherited)",
					"$(PROJECT_DIR)/Carthage/Build/iOS",
				);
				INFOPLIST_FILE = LogsManagerExtensionUnsafe/Info.plist;
				INSTALL_PATH = "$(LOCAL_LIBRARY_DIR)/Frameworks";
				LD_RUNPATH_SEARCH_PATHS = (
					"$(inherited)",
					"@executable_path/Frameworks",
					"@loader_path/Frameworks",
				);
				PRODUCT_BUNDLE_IDENTIFIER = "com.anton-plebanovich.LogsManagerExtensionUnsafe";
				PRODUCT_NAME = "$(TARGET_NAME:c99extidentifier)";
				SKIP_INSTALL = YES;
				TARGETED_DEVICE_FAMILY = "1,2";
			};
			name = Release;
		};
/* End XCBuildConfiguration section */

/* Begin XCConfigurationList section */
		0D93895E27446EE200529662 /* Build configuration list for PBXNativeTarget "RoutableLogger-macOS" */ = {
			isa = XCConfigurationList;
			buildConfigurations = (
				0D93895F27446EE200529662 /* Debug */,
				0D93896027446EE200529662 /* Release */,
			);
			defaultConfigurationIsVisible = 0;
			defaultConfigurationName = Release;
		};
		0D93896A27446F6100529662 /* Build configuration list for PBXNativeTarget "RoutableLogger-watchOS" */ = {
			isa = XCConfigurationList;
			buildConfigurations = (
				0D93896B27446F6100529662 /* Debug */,
				0D93896C27446F6100529662 /* Release */,
			);
			defaultConfigurationIsVisible = 0;
			defaultConfigurationName = Release;
		};
		0D93897627446F7300529662 /* Build configuration list for PBXNativeTarget "RoutableLogger-tvOS" */ = {
			isa = XCConfigurationList;
			buildConfigurations = (
				0D93897727446F7300529662 /* Debug */,
				0D93897827446F7300529662 /* Release */,
			);
			defaultConfigurationIsVisible = 0;
			defaultConfigurationName = Release;
		};
		0DE1512126064AEB0067545C /* Build configuration list for PBXNativeTarget "RoutableLogger" */ = {
			isa = XCConfigurationList;
			buildConfigurations = (
				0DE1511F26064AEB0067545C /* Debug */,
				0DE1512026064AEB0067545C /* Release */,
			);
			defaultConfigurationIsVisible = 0;
			defaultConfigurationName = Release;
		};
		E202680D22117D03004CC28A /* Build configuration list for PBXProject "LogsManager" */ = {
			isa = XCConfigurationList;
			buildConfigurations = (
				E202681922117D03004CC28A /* Debug */,
				E202681A22117D03004CC28A /* Release */,
			);
			defaultConfigurationIsVisible = 0;
			defaultConfigurationName = Release;
		};
		E202681B22117D03004CC28A /* Build configuration list for PBXNativeTarget "LogsManager" */ = {
			isa = XCConfigurationList;
			buildConfigurations = (
				E202681C22117D03004CC28A /* Debug */,
				E202681D22117D03004CC28A /* Release */,
			);
			defaultConfigurationIsVisible = 0;
			defaultConfigurationName = Release;
		};
		E2F9F8E623E03F88009E328F /* Build configuration list for PBXNativeTarget "LogsManagerExtensionUnsafe" */ = {
			isa = XCConfigurationList;
			buildConfigurations = (
				E2F9F8E723E03F88009E328F /* Debug */,
				E2F9F8E823E03F88009E328F /* Release */,
			);
			defaultConfigurationIsVisible = 0;
			defaultConfigurationName = Release;
		};
/* End XCConfigurationList section */
	};
	rootObject = E202680A22117D03004CC28A /* Project object */;
}
